// !$*UTF8*$!
{
	archiveVersion = 1;
	classes = {
	};
	objectVersion = 46;
	objects = {

/* Begin PBXBuildFile section */
		84C044AD1D5B769300198B55 /* AppDelegate.swift in Sources */ = {isa = PBXBuildFile; fileRef = 84C044AC1D5B769300198B55 /* AppDelegate.swift */; };
		84C044AF1D5B769300198B55 /* ViewController.swift in Sources */ = {isa = PBXBuildFile; fileRef = 84C044AE1D5B769300198B55 /* ViewController.swift */; };
		84C044B21D5B769300198B55 /* Main.storyboard in Resources */ = {isa = PBXBuildFile; fileRef = 84C044B01D5B769300198B55 /* Main.storyboard */; };
		84C044B41D5B769300198B55 /* Assets.xcassets in Resources */ = {isa = PBXBuildFile; fileRef = 84C044B31D5B769300198B55 /* Assets.xcassets */; };
		84C044B71D5B769300198B55 /* LaunchScreen.storyboard in Resources */ = {isa = PBXBuildFile; fileRef = 84C044B51D5B769300198B55 /* LaunchScreen.storyboard */; };
		84C044C21D5B769300198B55 /* weixinyundongTests.swift in Sources */ = {isa = PBXBuildFile; fileRef = 84C044C11D5B769300198B55 /* weixinyundongTests.swift */; };
		84C044CD1D5B769300198B55 /* weixinyundongUITests.swift in Sources */ = {isa = PBXBuildFile; fileRef = 84C044CC1D5B769300198B55 /* weixinyundongUITests.swift */; };
		84C044DC1D5B76A000198B55 /* HealthKit.framework in Frameworks */ = {isa = PBXBuildFile; fileRef = 84C044DB1D5B76A000198B55 /* HealthKit.framework */; };
/* End PBXBuildFile section */

/* Begin PBXContainerItemProxy section */
		84C044BE1D5B769300198B55 /* PBXContainerItemProxy */ = {
			isa = PBXContainerItemProxy;
			containerPortal = 84C044A11D5B769300198B55 /* Project object */;
			proxyType = 1;
			remoteGlobalIDString = 84C044A81D5B769300198B55;
			remoteInfo = weixinyundong;
		};
		84C044C91D5B769300198B55 /* PBXContainerItemProxy */ = {
			isa = PBXContainerItemProxy;
			containerPortal = 84C044A11D5B769300198B55 /* Project object */;
			proxyType = 1;
			remoteGlobalIDString = 84C044A81D5B769300198B55;
			remoteInfo = weixinyundong;
		};
/* End PBXContainerItemProxy section */

/* Begin PBXFileReference section */
		84C044A91D5B769300198B55 /* weixinyundong.app */ = {isa = PBXFileReference; explicitFileType = wrapper.application; includeInIndex = 0; path = weixinyundong.app; sourceTree = BUILT_PRODUCTS_DIR; };
		84C044AC1D5B769300198B55 /* AppDelegate.swift */ = {isa = PBXFileReference; lastKnownFileType = sourcecode.swift; path = AppDelegate.swift; sourceTree = "<group>"; };
		84C044AE1D5B769300198B55 /* ViewController.swift */ = {isa = PBXFileReference; lastKnownFileType = sourcecode.swift; path = ViewController.swift; sourceTree = "<group>"; };
		84C044B11D5B769300198B55 /* Base */ = {isa = PBXFileReference; lastKnownFileType = file.storyboard; name = Base; path = Base.lproj/Main.storyboard; sourceTree = "<group>"; };
		84C044B31D5B769300198B55 /* Assets.xcassets */ = {isa = PBXFileReference; lastKnownFileType = folder.assetcatalog; path = Assets.xcassets; sourceTree = "<group>"; };
		84C044B61D5B769300198B55 /* Base */ = {isa = PBXFileReference; lastKnownFileType = file.storyboard; name = Base; path = Base.lproj/LaunchScreen.storyboard; sourceTree = "<group>"; };
		84C044B81D5B769300198B55 /* Info.plist */ = {isa = PBXFileReference; lastKnownFileType = text.plist.xml; path = Info.plist; sourceTree = "<group>"; };
		84C044BD1D5B769300198B55 /* weixinyundongTests.xctest */ = {isa = PBXFileReference; explicitFileType = wrapper.cfbundle; includeInIndex = 0; path = weixinyundongTests.xctest; sourceTree = BUILT_PRODUCTS_DIR; };
		84C044C11D5B769300198B55 /* weixinyundongTests.swift */ = {isa = PBXFileReference; lastKnownFileType = sourcecode.swift; path = weixinyundongTests.swift; sourceTree = "<group>"; };
		84C044C31D5B769300198B55 /* Info.plist */ = {isa = PBXFileReference; lastKnownFileType = text.plist.xml; path = Info.plist; sourceTree = "<group>"; };
		84C044C81D5B769300198B55 /* weixinyundongUITests.xctest */ = {isa = PBXFileReference; explicitFileType = wrapper.cfbundle; includeInIndex = 0; path = weixinyundongUITests.xctest; sourceTree = BUILT_PRODUCTS_DIR; };
		84C044CC1D5B769300198B55 /* weixinyundongUITests.swift */ = {isa = PBXFileReference; lastKnownFileType = sourcecode.swift; path = weixinyundongUITests.swift; sourceTree = "<group>"; };
		84C044CE1D5B769300198B55 /* Info.plist */ = {isa = PBXFileReference; lastKnownFileType = text.plist.xml; path = Info.plist; sourceTree = "<group>"; };
		84C044DA1D5B76A000198B55 /* weixinyundong.entitlements */ = {isa = PBXFileReference; lastKnownFileType = text.xml; path = weixinyundong.entitlements; sourceTree = "<group>"; };
		84C044DB1D5B76A000198B55 /* HealthKit.framework */ = {isa = PBXFileReference; lastKnownFileType = wrapper.framework; name = HealthKit.framework; path = System/Library/Frameworks/HealthKit.framework; sourceTree = SDKROOT; };
/* End PBXFileReference section */

/* Begin PBXFrameworksBuildPhase section */
		84C044A61D5B769300198B55 /* Frameworks */ = {
			isa = PBXFrameworksBuildPhase;
			buildActionMask = 2147483647;
			files = (
				84C044DC1D5B76A000198B55 /* HealthKit.framework in Frameworks */,
			);
			runOnlyForDeploymentPostprocessing = 0;
		};
		84C044BA1D5B769300198B55 /* Frameworks */ = {
			isa = PBXFrameworksBuildPhase;
			buildActionMask = 2147483647;
			files = (
			);
			runOnlyForDeploymentPostprocessing = 0;
		};
		84C044C51D5B769300198B55 /* Frameworks */ = {
			isa = PBXFrameworksBuildPhase;
			buildActionMask = 2147483647;
			files = (
			);
			runOnlyForDeploymentPostprocessing = 0;
		};
/* End PBXFrameworksBuildPhase section */

/* Begin PBXGroup section */
		84C044A01D5B769300198B55 = {
			isa = PBXGroup;
			children = (
				84C044DB1D5B76A000198B55 /* HealthKit.framework */,
				84C044AB1D5B769300198B55 /* weixinyundong */,
				84C044C01D5B769300198B55 /* weixinyundongTests */,
				84C044CB1D5B769300198B55 /* weixinyundongUITests */,
				84C044AA1D5B769300198B55 /* Products */,
			);
			sourceTree = "<group>";
		};
		84C044AA1D5B769300198B55 /* Products */ = {
			isa = PBXGroup;
			children = (
				84C044A91D5B769300198B55 /* weixinyundong.app */,
				84C044BD1D5B769300198B55 /* weixinyundongTests.xctest */,
				84C044C81D5B769300198B55 /* weixinyundongUITests.xctest */,
			);
			name = Products;
			sourceTree = "<group>";
		};
		84C044AB1D5B769300198B55 /* weixinyundong */ = {
			isa = PBXGroup;
			children = (
				84C044DA1D5B76A000198B55 /* weixinyundong.entitlements */,
				84C044AC1D5B769300198B55 /* AppDelegate.swift */,
				84C044AE1D5B769300198B55 /* ViewController.swift */,
				84C044B01D5B769300198B55 /* Main.storyboard */,
				84C044B31D5B769300198B55 /* Assets.xcassets */,
				84C044B51D5B769300198B55 /* LaunchScreen.storyboard */,
				84C044B81D5B769300198B55 /* Info.plist */,
			);
			path = weixinyundong;
			sourceTree = "<group>";
		};
		84C044C01D5B769300198B55 /* weixinyundongTests */ = {
			isa = PBXGroup;
			children = (
				84C044C11D5B769300198B55 /* weixinyundongTests.swift */,
				84C044C31D5B769300198B55 /* Info.plist */,
			);
			path = weixinyundongTests;
			sourceTree = "<group>";
		};
		84C044CB1D5B769300198B55 /* weixinyundongUITests */ = {
			isa = PBXGroup;
			children = (
				84C044CC1D5B769300198B55 /* weixinyundongUITests.swift */,
				84C044CE1D5B769300198B55 /* Info.plist */,
			);
			path = weixinyundongUITests;
			sourceTree = "<group>";
		};
/* End PBXGroup section */

/* Begin PBXNativeTarget section */
		84C044A81D5B769300198B55 /* weixinyundong */ = {
			isa = PBXNativeTarget;
			buildConfigurationList = 84C044D11D5B769300198B55 /* Build configuration list for PBXNativeTarget "weixinyundong" */;
			buildPhases = (
				84C044A51D5B769300198B55 /* Sources */,
				84C044A61D5B769300198B55 /* Frameworks */,
				84C044A71D5B769300198B55 /* Resources */,
			);
			buildRules = (
			);
			dependencies = (
			);
			name = weixinyundong;
			productName = weixinyundong;
			productReference = 84C044A91D5B769300198B55 /* weixinyundong.app */;
			productType = "com.apple.product-type.application";
		};
		84C044BC1D5B769300198B55 /* weixinyundongTests */ = {
			isa = PBXNativeTarget;
			buildConfigurationList = 84C044D41D5B769300198B55 /* Build configuration list for PBXNativeTarget "weixinyundongTests" */;
			buildPhases = (
				84C044B91D5B769300198B55 /* Sources */,
				84C044BA1D5B769300198B55 /* Frameworks */,
				84C044BB1D5B769300198B55 /* Resources */,
			);
			buildRules = (
			);
			dependencies = (
				84C044BF1D5B769300198B55 /* PBXTargetDependency */,
			);
			name = weixinyundongTests;
			productName = weixinyundongTests;
			productReference = 84C044BD1D5B769300198B55 /* weixinyundongTests.xctest */;
			productType = "com.apple.product-type.bundle.unit-test";
		};
		84C044C71D5B769300198B55 /* weixinyundongUITests */ = {
			isa = PBXNativeTarget;
			buildConfigurationList = 84C044D71D5B769300198B55 /* Build configuration list for PBXNativeTarget "weixinyundongUITests" */;
			buildPhases = (
				84C044C41D5B769300198B55 /* Sources */,
				84C044C51D5B769300198B55 /* Frameworks */,
				84C044C61D5B769300198B55 /* Resources */,
			);
			buildRules = (
			);
			dependencies = (
				84C044CA1D5B769300198B55 /* PBXTargetDependency */,
			);
			name = weixinyundongUITests;
			productName = weixinyundongUITests;
			productReference = 84C044C81D5B769300198B55 /* weixinyundongUITests.xctest */;
			productType = "com.apple.product-type.bundle.ui-testing";
		};
/* End PBXNativeTarget section */

/* Begin PBXProject section */
		84C044A11D5B769300198B55 /* Project object */ = {
			isa = PBXProject;
			attributes = {
				LastSwiftUpdateCheck = 0730;
				LastUpgradeCheck = 0730;
				ORGANIZATIONNAME = yicheng;
				TargetAttributes = {
					84C044A81D5B769300198B55 = {
						CreatedOnToolsVersion = 7.3.1;
						DevelopmentTeam = PGBX798C4B;
						SystemCapabilities = {
							com.apple.HealthKit = {
								enabled = 1;
							};
						};
					};
					84C044BC1D5B769300198B55 = {
						CreatedOnToolsVersion = 7.3.1;
						DevelopmentTeam = PGBX798C4B;
						TestTargetID = 84C044A81D5B769300198B55;
					};
					84C044C71D5B769300198B55 = {
						CreatedOnToolsVersion = 7.3.1;
						DevelopmentTeam = PGBX798C4B;
						TestTargetID = 84C044A81D5B769300198B55;
					};
				};
			};
			buildConfigurationList = 84C044A41D5B769300198B55 /* Build configuration list for PBXProject "weixinyundong" */;
			compatibilityVersion = "Xcode 3.2";
			developmentRegion = English;
			hasScannedForEncodings = 0;
			knownRegions = (
				en,
				Base,
			);
			mainGroup = 84C044A01D5B769300198B55;
			productRefGroup = 84C044AA1D5B769300198B55 /* Products */;
			projectDirPath = "";
			projectRoot = "";
			targets = (
				84C044A81D5B769300198B55 /* weixinyundong */,
				84C044BC1D5B769300198B55 /* weixinyundongTests */,
				84C044C71D5B769300198B55 /* weixinyundongUITests */,
			);
		};
/* End PBXProject section */

/* Begin PBXResourcesBuildPhase section */
		84C044A71D5B769300198B55 /* Resources */ = {
			isa = PBXResourcesBuildPhase;
			buildActionMask = 2147483647;
			files = (
				84C044B71D5B769300198B55 /* LaunchScreen.storyboard in Resources */,
				84C044B41D5B769300198B55 /* Assets.xcassets in Resources */,
				84C044B21D5B769300198B55 /* Main.storyboard in Resources */,
			);
			runOnlyForDeploymentPostprocessing = 0;
		};
		84C044BB1D5B769300198B55 /* Resources */ = {
			isa = PBXResourcesBuildPhase;
			buildActionMask = 2147483647;
			files = (
			);
			runOnlyForDeploymentPostprocessing = 0;
		};
		84C044C61D5B769300198B55 /* Resources */ = {
			isa = PBXResourcesBuildPhase;
			buildActionMask = 2147483647;
			files = (
			);
			runOnlyForDeploymentPostprocessing = 0;
		};
/* End PBXResourcesBuildPhase section */

/* Begin PBXSourcesBuildPhase section */
		84C044A51D5B769300198B55 /* Sources */ = {
			isa = PBXSourcesBuildPhase;
			buildActionMask = 2147483647;
			files = (
				84C044AF1D5B769300198B55 /* ViewController.swift in Sources */,
				84C044AD1D5B769300198B55 /* AppDelegate.swift in Sources */,
			);
			runOnlyForDeploymentPostprocessing = 0;
		};
		84C044B91D5B769300198B55 /* Sources */ = {
			isa = PBXSourcesBuildPhase;
			buildActionMask = 2147483647;
			files = (
				84C044C21D5B769300198B55 /* weixinyundongTests.swift in Sources */,
			);
			runOnlyForDeploymentPostprocessing = 0;
		};
		84C044C41D5B769300198B55 /* Sources */ = {
			isa = PBXSourcesBuildPhase;
			buildActionMask = 2147483647;
			files = (
				84C044CD1D5B769300198B55 /* weixinyundongUITests.swift in Sources */,
			);
			runOnlyForDeploymentPostprocessing = 0;
		};
/* End PBXSourcesBuildPhase section */

/* Begin PBXTargetDependency section */
		84C044BF1D5B769300198B55 /* PBXTargetDependency */ = {
			isa = PBXTargetDependency;
			target = 84C044A81D5B769300198B55 /* weixinyundong */;
			targetProxy = 84C044BE1D5B769300198B55 /* PBXContainerItemProxy */;
		};
		84C044CA1D5B769300198B55 /* PBXTargetDependency */ = {
			isa = PBXTargetDependency;
			target = 84C044A81D5B769300198B55 /* weixinyundong */;
			targetProxy = 84C044C91D5B769300198B55 /* PBXContainerItemProxy */;
		};
/* End PBXTargetDependency section */

/* Begin PBXVariantGroup section */
		84C044B01D5B769300198B55 /* Main.storyboard */ = {
			isa = PBXVariantGroup;
			children = (
				84C044B11D5B769300198B55 /* Base */,
			);
			name = Main.storyboard;
			sourceTree = "<group>";
		};
		84C044B51D5B769300198B55 /* LaunchScreen.storyboard */ = {
			isa = PBXVariantGroup;
			children = (
				84C044B61D5B769300198B55 /* Base */,
			);
			name = LaunchScreen.storyboard;
			sourceTree = "<group>";
		};
/* End PBXVariantGroup section */

/* Begin XCBuildConfiguration section */
		84C044CF1D5B769300198B55 /* Debug */ = {
			isa = XCBuildConfiguration;
			buildSettings = {
				ALWAYS_SEARCH_USER_PATHS = NO;
				CLANG_ANALYZER_NONNULL = YES;
				CLANG_CXX_LANGUAGE_STANDARD = "gnu++0x";
				CLANG_CXX_LIBRARY = "libc++";
				CLANG_ENABLE_MODULES = YES;
				CLANG_ENABLE_OBJC_ARC = YES;
				CLANG_WARN_BOOL_CONVERSION = YES;
				CLANG_WARN_CONSTANT_CONVERSION = YES;
				CLANG_WARN_DIRECT_OBJC_ISA_USAGE = YES_ERROR;
				CLANG_WARN_EMPTY_BODY = YES;
				CLANG_WARN_ENUM_CONVERSION = YES;
				CLANG_WARN_INT_CONVERSION = YES;
				CLANG_WARN_OBJC_ROOT_CLASS = YES_ERROR;
				CLANG_WARN_UNREACHABLE_CODE = YES;
				CLANG_WARN__DUPLICATE_METHOD_MATCH = YES;
				"CODE_SIGN_IDENTITY[sdk=iphoneos*]" = "iPhone Developer";
				COPY_PHASE_STRIP = NO;
				DEBUG_INFORMATION_FORMAT = dwarf;
				ENABLE_STRICT_OBJC_MSGSEND = YES;
				ENABLE_TESTABILITY = YES;
				GCC_C_LANGUAGE_STANDARD = gnu99;
				GCC_DYNAMIC_NO_PIC = NO;
				GCC_NO_COMMON_BLOCKS = YES;
				GCC_OPTIMIZATION_LEVEL = 0;
				GCC_PREPROCESSOR_DEFINITIONS = (
					"DEBUG=1",
					"$(inherited)",
				);
				GCC_WARN_64_TO_32_BIT_CONVERSION = YES;
				GCC_WARN_ABOUT_RETURN_TYPE = YES_ERROR;
				GCC_WARN_UNDECLARED_SELECTOR = YES;
				GCC_WARN_UNINITIALIZED_AUTOS = YES_AGGRESSIVE;
				GCC_WARN_UNUSED_FUNCTION = YES;
				GCC_WARN_UNUSED_VARIABLE = YES;
				IPHONEOS_DEPLOYMENT_TARGET = 9.3;
				MTL_ENABLE_DEBUG_INFO = YES;
				ONLY_ACTIVE_ARCH = YES;
				SDKROOT = iphoneos;
				SWIFT_OPTIMIZATION_LEVEL = "-Onone";
			};
			name = Debug;
		};
		84C044D01D5B769300198B55 /* Release */ = {
			isa = XCBuildConfiguration;
			buildSettings = {
				ALWAYS_SEARCH_USER_PATHS = NO;
				CLANG_ANALYZER_NONNULL = YES;
				CLANG_CXX_LANGUAGE_STANDARD = "gnu++0x";
				CLANG_CXX_LIBRARY = "libc++";
				CLANG_ENABLE_MODULES = YES;
				CLANG_ENABLE_OBJC_ARC = YES;
				CLANG_WARN_BOOL_CONVERSION = YES;
				CLANG_WARN_CONSTANT_CONVERSION = YES;
				CLANG_WARN_DIRECT_OBJC_ISA_USAGE = YES_ERROR;
				CLANG_WARN_EMPTY_BODY = YES;
				CLANG_WARN_ENUM_CONVERSION = YES;
				CLANG_WARN_INT_CONVERSION = YES;
				CLANG_WARN_OBJC_ROOT_CLASS = YES_ERROR;
				CLANG_WARN_UNREACHABLE_CODE = YES;
				CLANG_WARN__DUPLICATE_METHOD_MATCH = YES;
				"CODE_SIGN_IDENTITY[sdk=iphoneos*]" = "iPhone Developer";
				COPY_PHASE_STRIP = NO;
				DEBUG_INFORMATION_FORMAT = "dwarf-with-dsym";
				ENABLE_NS_ASSERTIONS = NO;
				ENABLE_STRICT_OBJC_MSGSEND = YES;
				GCC_C_LANGUAGE_STANDARD = gnu99;
				GCC_NO_COMMON_BLOCKS = YES;
				GCC_WARN_64_TO_32_BIT_CONVERSION = YES;
				GCC_WARN_ABOUT_RETURN_TYPE = YES_ERROR;
				GCC_WARN_UNDECLARED_SELECTOR = YES;
				GCC_WARN_UNINITIALIZED_AUTOS = YES_AGGRESSIVE;
				GCC_WARN_UNUSED_FUNCTION = YES;
				GCC_WARN_UNUSED_VARIABLE = YES;
				IPHONEOS_DEPLOYMENT_TARGET = 9.3;
				MTL_ENABLE_DEBUG_INFO = NO;
				SDKROOT = iphoneos;
				VALIDATE_PRODUCT = YES;
			};
			name = Release;
		};
		84C044D21D5B769300198B55 /* Debug */ = {
			isa = XCBuildConfiguration;
			buildSettings = {
				ASSETCATALOG_COMPILER_APPICON_NAME = AppIcon;
				CODE_SIGN_ENTITLEMENTS = weixinyundong/weixinyundong.entitlements;
				INFOPLIST_FILE = weixinyundong/Info.plist;
				LD_RUNPATH_SEARCH_PATHS = "$(inherited) @executable_path/Frameworks";
				PRODUCT_BUNDLE_IDENTIFIER = com.lly.weixinyundong;
				PRODUCT_NAME = "$(TARGET_NAME)";
			};
			name = Debug;
		};
		84C044D31D5B769300198B55 /* Release */ = {
			isa = XCBuildConfiguration;
			buildSettings = {
				ASSETCATALOG_COMPILER_APPICON_NAME = AppIcon;
				CODE_SIGN_ENTITLEMENTS = weixinyundong/weixinyundong.entitlements;
				INFOPLIST_FILE = weixinyundong/Info.plist;
				LD_RUNPATH_SEARCH_PATHS = "$(inherited) @executable_path/Frameworks";
				PRODUCT_BUNDLE_IDENTIFIER = com.lly.weixinyundong;
				PRODUCT_NAME = "$(TARGET_NAME)";
			};
			name = Release;
		};
		84C044D51D5B769300198B55 /* Debug */ = {
			isa = XCBuildConfiguration;
			buildSettings = {
				BUNDLE_LOADER = "$(TEST_HOST)";
				INFOPLIST_FILE = weixinyundongTests/Info.plist;
				LD_RUNPATH_SEARCH_PATHS = "$(inherited) @executable_path/Frameworks @loader_path/Frameworks";
				PRODUCT_BUNDLE_IDENTIFIER = com.lly.weixinyundongTests;
				PRODUCT_NAME = "$(TARGET_NAME)";
				TEST_HOST = "$(BUILT_PRODUCTS_DIR)/weixinyundong.app/weixinyundong";
			};
			name = Debug;
		};
		84C044D61D5B769300198B55 /* Release */ = {
			isa = XCBuildConfiguration;
			buildSettings = {
				BUNDLE_LOADER = "$(TEST_HOST)";
				INFOPLIST_FILE = weixinyundongTests/Info.plist;
				LD_RUNPATH_SEARCH_PATHS = "$(inherited) @executable_path/Frameworks @loader_path/Frameworks";
				PRODUCT_BUNDLE_IDENTIFIER = com.lly.weixinyundongTests;
				PRODUCT_NAME = "$(TARGET_NAME)";
				TEST_HOST = "$(BUILT_PRODUCTS_DIR)/weixinyundong.app/weixinyundong";
			};
			name = Release;
		};
		84C044D81D5B769300198B55 /* Debug */ = {
			isa = XCBuildConfiguration;
			buildSettings = {
				INFOPLIST_FILE = weixinyundongUITests/Info.plist;
				LD_RUNPATH_SEARCH_PATHS = "$(inherited) @executable_path/Frameworks @loader_path/Frameworks";
				PRODUCT_BUNDLE_IDENTIFIER = com.lly.weixinyundongUITests;
				PRODUCT_NAME = "$(TARGET_NAME)";
				TEST_TARGET_NAME = weixinyundong;
			};
			name = Debug;
		};
		84C044D91D5B769300198B55 /* Release */ = {
			isa = XCBuildConfiguration;
			buildSettings = {
				INFOPLIST_FILE = weixinyundongUITests/Info.plist;
				LD_RUNPATH_SEARCH_PATHS = "$(inherited) @executable_path/Frameworks @loader_path/Frameworks";
				PRODUCT_BUNDLE_IDENTIFIER = com.lly.weixinyundongUITests;
				PRODUCT_NAME = "$(TARGET_NAME)";
				TEST_TARGET_NAME = weixinyundong;
			};
			name = Release;
		};
/* End XCBuildConfiguration section */

/* Begin XCConfigurationList section */
		84C044A41D5B769300198B55 /* Build configuration list for PBXProject "weixinyundong" */ = {
			isa = XCConfigurationList;
			buildConfigurations = (
				84C044CF1D5B769300198B55 /* Debug */,
				84C044D01D5B769300198B55 /* Release */,
			);
			defaultConfigurationIsVisible = 0;
			defaultConfigurationName = Release;
		};
		84C044D11D5B769300198B55 /* Build configuration list for PBXNativeTarget "weixinyundong" */ = {
			isa = XCConfigurationList;
			buildConfigurations = (
				84C044D21D5B769300198B55 /* Debug */,
				84C044D31D5B769300198B55 /* Release */,
			);
			defaultConfigurationIsVisible = 0;
		};
		84C044D41D5B769300198B55 /* Build configuration list for PBXNativeTarget "weixinyundongTests" */ = {
			isa = XCConfigurationList;
			buildConfigurations = (
				84C044D51D5B769300198B55 /* Debug */,
				84C044D61D5B769300198B55 /* Release */,
			);
			defaultConfigurationIsVisible = 0;
		};
		84C044D71D5B769300198B55 /* Build configuration list for PBXNativeTarget "weixinyundongUITests" */ = {
			isa = XCConfigurationList;
			buildConfigurations = (
				84C044D81D5B769300198B55 /* Debug */,
				84C044D91D5B769300198B55 /* Release */,
			);
			defaultConfigurationIsVisible = 0;
		};
/* End XCConfigurationList section */
	};
	rootObject = 84C044A11D5B769300198B55 /* Project object */;
}
