// !$*UTF8*$!
{
	archiveVersion = 1;
	classes = {
	};
	objectVersion = 46;
	objects = {

/* Begin PBXBuildFile section */
		846BECF41CD795120026BD6C /* Human.swift in Sources */ = {isa = PBXBuildFile; fileRef = 846BECF31CD795120026BD6C /* Human.swift */; };
		849D38831CD10FB90062F257 /* Student.swift in Sources */ = {isa = PBXBuildFile; fileRef = 849D38821CD10FB90062F257 /* Student.swift */; };
		849D38851CD110540062F257 /* BoyStudent.swift in Sources */ = {isa = PBXBuildFile; fileRef = 849D38841CD110540062F257 /* BoyStudent.swift */; };
		849D38871CD11E6C0062F257 /* StringExtension.swift in Sources */ = {isa = PBXBuildFile; fileRef = 849D38861CD11E6C0062F257 /* StringExtension.swift */; };
		84B06BF51CCFC4DE001B4391 /* main.swift in Sources */ = {isa = PBXBuildFile; fileRef = 84B06BF41CCFC4DE001B4391 /* main.swift */; };
/* End PBXBuildFile section */

/* Begin PBXCopyFilesBuildPhase section */
		84B06BEF1CCFC4DE001B4391 /* CopyFiles */ = {
			isa = PBXCopyFilesBuildPhase;
			buildActionMask = 2147483647;
			dstPath = /usr/share/man/man1/;
			dstSubfolderSpec = 0;
			files = (
			);
			runOnlyForDeploymentPostprocessing = 1;
		};
/* End PBXCopyFilesBuildPhase section */

/* Begin PBXFileReference section */
		846BECF31CD795120026BD6C /* Human.swift */ = {isa = PBXFileReference; fileEncoding = 4; lastKnownFileType = sourcecode.swift; path = Human.swift; sourceTree = "<group>"; };
		849D38821CD10FB90062F257 /* Student.swift */ = {isa = PBXFileReference; fileEncoding = 4; lastKnownFileType = sourcecode.swift; path = Student.swift; sourceTree = "<group>"; };
		849D38841CD110540062F257 /* BoyStudent.swift */ = {isa = PBXFileReference; fileEncoding = 4; lastKnownFileType = sourcecode.swift; path = BoyStudent.swift; sourceTree = "<group>"; };
		849D38861CD11E6C0062F257 /* StringExtension.swift */ = {isa = PBXFileReference; fileEncoding = 4; lastKnownFileType = sourcecode.swift; path = StringExtension.swift; sourceTree = "<group>"; };
		84B06BF11CCFC4DE001B4391 /* L03 */ = {isa = PBXFileReference; explicitFileType = "compiled.mach-o.executable"; includeInIndex = 0; path = L03; sourceTree = BUILT_PRODUCTS_DIR; };
		84B06BF41CCFC4DE001B4391 /* main.swift */ = {isa = PBXFileReference; lastKnownFileType = sourcecode.swift; path = main.swift; sourceTree = "<group>"; };
/* End PBXFileReference section */

/* Begin PBXFrameworksBuildPhase section */
		84B06BEE1CCFC4DE001B4391 /* Frameworks */ = {
			isa = PBXFrameworksBuildPhase;
			buildActionMask = 2147483647;
			files = (
			);
			runOnlyForDeploymentPostprocessing = 0;
		};
/* End PBXFrameworksBuildPhase section */

/* Begin PBXGroup section */
		84B06BE81CCFC4DE001B4391 = {
			isa = PBXGroup;
			children = (
				84B06BF31CCFC4DE001B4391 /* L03 */,
				84B06BF21CCFC4DE001B4391 /* Products */,
			);
			sourceTree = "<group>";
		};
		84B06BF21CCFC4DE001B4391 /* Products */ = {
			isa = PBXGroup;
			children = (
				84B06BF11CCFC4DE001B4391 /* L03 */,
			);
			name = Products;
			sourceTree = "<group>";
		};
		84B06BF31CCFC4DE001B4391 /* L03 */ = {
			isa = PBXGroup;
			children = (
				84B06BF41CCFC4DE001B4391 /* main.swift */,
				849D38841CD110540062F257 /* BoyStudent.swift */,
				849D38821CD10FB90062F257 /* Student.swift */,
				849D38861CD11E6C0062F257 /* StringExtension.swift */,
				846BECF31CD795120026BD6C /* Human.swift */,
			);
			path = L03;
			sourceTree = "<group>";
		};
/* End PBXGroup section */

/* Begin PBXNativeTarget section */
		84B06BF01CCFC4DE001B4391 /* L03 */ = {
			isa = PBXNativeTarget;
			buildConfigurationList = 84B06BF81CCFC4DE001B4391 /* Build configuration list for PBXNativeTarget "L03" */;
			buildPhases = (
				84B06BED1CCFC4DE001B4391 /* Sources */,
				84B06BEE1CCFC4DE001B4391 /* Frameworks */,
				84B06BEF1CCFC4DE001B4391 /* CopyFiles */,
			);
			buildRules = (
			);
			dependencies = (
			);
			name = L03;
			productName = L03;
			productReference = 84B06BF11CCFC4DE001B4391 /* L03 */;
			productType = "com.apple.product-type.tool";
		};
/* End PBXNativeTarget section */

/* Begin PBXProject section */
		84B06BE91CCFC4DE001B4391 /* Project object */ = {
			isa = PBXProject;
			attributes = {
				LastSwiftUpdateCheck = 0730;
				LastUpgradeCheck = 0730;
				ORGANIZATIONNAME = yicheng;
				TargetAttributes = {
					84B06BF01CCFC4DE001B4391 = {
						CreatedOnToolsVersion = 7.3;
					};
				};
			};
			buildConfigurationList = 84B06BEC1CCFC4DE001B4391 /* Build configuration list for PBXProject "L03" */;
			compatibilityVersion = "Xcode 3.2";
			developmentRegion = English;
			hasScannedForEncodings = 0;
			knownRegions = (
				en,
			);
			mainGroup = 84B06BE81CCFC4DE001B4391;
			productRefGroup = 84B06BF21CCFC4DE001B4391 /* Products */;
			projectDirPath = "";
			projectRoot = "";
			targets = (
				84B06BF01CCFC4DE001B4391 /* L03 */,
			);
		};
/* End PBXProject section */

/* Begin PBXSourcesBuildPhase section */
		84B06BED1CCFC4DE001B4391 /* Sources */ = {
			isa = PBXSourcesBuildPhase;
			buildActionMask = 2147483647;
			files = (
				849D38871CD11E6C0062F257 /* StringExtension.swift in Sources */,
				849D38851CD110540062F257 /* BoyStudent.swift in Sources */,
				846BECF41CD795120026BD6C /* Human.swift in Sources */,
				84B06BF51CCFC4DE001B4391 /* main.swift in Sources */,
				849D38831CD10FB90062F257 /* Student.swift in Sources */,
			);
			runOnlyForDeploymentPostprocessing = 0;
		};
/* End PBXSourcesBuildPhase section */

/* Begin XCBuildConfiguration section */
		84B06BF61CCFC4DE001B4391 /* Debug */ = {
			isa = XCBuildConfiguration;
			buildSettings = {
				ALWAYS_SEARCH_USER_PATHS = NO;
				CLANG_ANALYZER_NONNULL = YES;
				CLANG_CXX_LANGUAGE_STANDARD = "gnu++0x";
				CLANG_CXX_LIBRARY = "libc++";
				CLANG_ENABLE_MODULES = YES;
				CLANG_ENABLE_OBJC_ARC = YES;
				CLANG_WARN_BOOL_CONVERSION = YES;
				CLANG_WARN_CONSTANT_CONVERSION = YES;
				CLANG_WARN_DIRECT_OBJC_ISA_USAGE = YES_ERROR;
				CLANG_WARN_EMPTY_BODY = YES;
				CLANG_WARN_ENUM_CONVERSION = YES;
				CLANG_WARN_INT_CONVERSION = YES;
				CLANG_WARN_OBJC_ROOT_CLASS = YES_ERROR;
				CLANG_WARN_UNREACHABLE_CODE = YES;
				CLANG_WARN__DUPLICATE_METHOD_MATCH = YES;
				CODE_SIGN_IDENTITY = "-";
				COPY_PHASE_STRIP = NO;
				DEBUG_INFORMATION_FORMAT = dwarf;
				ENABLE_STRICT_OBJC_MSGSEND = YES;
				ENABLE_TESTABILITY = YES;
				GCC_C_LANGUAGE_STANDARD = gnu99;
				GCC_DYNAMIC_NO_PIC = NO;
				GCC_NO_COMMON_BLOCKS = YES;
				GCC_OPTIMIZATION_LEVEL = 0;
				GCC_PREPROCESSOR_DEFINITIONS = (
					"DEBUG=1",
					"$(inherited)",
				);
				GCC_WARN_64_TO_32_BIT_CONVERSION = YES;
				GCC_WARN_ABOUT_RETURN_TYPE = YES_ERROR;
				GCC_WARN_UNDECLARED_SELECTOR = YES;
				GCC_WARN_UNINITIALIZED_AUTOS = YES_AGGRESSIVE;
				GCC_WARN_UNUSED_FUNCTION = YES;
				GCC_WARN_UNUSED_VARIABLE = YES;
				MACOSX_DEPLOYMENT_TARGET = 10.11;
				MTL_ENABLE_DEBUG_INFO = YES;
				ONLY_ACTIVE_ARCH = YES;
				SDKROOT = macosx;
				SWIFT_OPTIMIZATION_LEVEL = "-Onone";
			};
			name = Debug;
		};
		84B06BF71CCFC4DE001B4391 /* Release */ = {
			isa = XCBuildConfiguration;
			buildSettings = {
				ALWAYS_SEARCH_USER_PATHS = NO;
				CLANG_ANALYZER_NONNULL = YES;
				CLANG_CXX_LANGUAGE_STANDARD = "gnu++0x";
				CLANG_CXX_LIBRARY = "libc++";
				CLANG_ENABLE_MODULES = YES;
				CLANG_ENABLE_OBJC_ARC = YES;
				CLANG_WARN_BOOL_CONVERSION = YES;
				CLANG_WARN_CONSTANT_CONVERSION = YES;
				CLANG_WARN_DIRECT_OBJC_ISA_USAGE = YES_ERROR;
				CLANG_WARN_EMPTY_BODY = YES;
				CLANG_WARN_ENUM_CONVERSION = YES;
				CLANG_WARN_INT_CONVERSION = YES;
				CLANG_WARN_OBJC_ROOT_CLASS = YES_ERROR;
				CLANG_WARN_UNREACHABLE_CODE = YES;
				CLANG_WARN__DUPLICATE_METHOD_MATCH = YES;
				CODE_SIGN_IDENTITY = "-";
				COPY_PHASE_STRIP = NO;
				DEBUG_INFORMATION_FORMAT = "dwarf-with-dsym";
				ENABLE_NS_ASSERTIONS = NO;
				ENABLE_STRICT_OBJC_MSGSEND = YES;
				GCC_C_LANGUAGE_STANDARD = gnu99;
				GCC_NO_COMMON_BLOCKS = YES;
				GCC_WARN_64_TO_32_BIT_CONVERSION = YES;
				GCC_WARN_ABOUT_RETURN_TYPE = YES_ERROR;
				GCC_WARN_UNDECLARED_SELECTOR = YES;
				GCC_WARN_UNINITIALIZED_AUTOS = YES_AGGRESSIVE;
				GCC_WARN_UNUSED_FUNCTION = YES;
				GCC_WARN_UNUSED_VARIABLE = YES;
				MACOSX_DEPLOYMENT_TARGET = 10.11;
				MTL_ENABLE_DEBUG_INFO = NO;
				SDKROOT = macosx;
			};
			name = Release;
		};
		84B06BF91CCFC4DE001B4391 /* Debug */ = {
			isa = XCBuildConfiguration;
			buildSettings = {
				PRODUCT_NAME = "$(TARGET_NAME)";
			};
			name = Debug;
		};
		84B06BFA1CCFC4DE001B4391 /* Release */ = {
			isa = XCBuildConfiguration;
			buildSettings = {
				PRODUCT_NAME = "$(TARGET_NAME)";
			};
			name = Release;
		};
/* End XCBuildConfiguration section */

/* Begin XCConfigurationList section */
		84B06BEC1CCFC4DE001B4391 /* Build configuration list for PBXProject "L03" */ = {
			isa = XCConfigurationList;
			buildConfigurations = (
				84B06BF61CCFC4DE001B4391 /* Debug */,
				84B06BF71CCFC4DE001B4391 /* Release */,
			);
			defaultConfigurationIsVisible = 0;
			defaultConfigurationName = Release;
		};
		84B06BF81CCFC4DE001B4391 /* Build configuration list for PBXNativeTarget "L03" */ = {
			isa = XCConfigurationList;
			buildConfigurations = (
				84B06BF91CCFC4DE001B4391 /* Debug */,
				84B06BFA1CCFC4DE001B4391 /* Release */,
			);
			defaultConfigurationIsVisible = 0;
			defaultConfigurationName = Release;
		};
/* End XCConfigurationList section */
	};
	rootObject = 84B06BE91CCFC4DE001B4391 /* Project object */;
}
