// !$*UTF8*$!
{
	archiveVersion = 1;
	classes = {
	};
	objectVersion = 46;
	objects = {

/* Begin PBXBuildFile section */
		84E74B031D1EC739003B4C2A /* AppDelegate.swift in Sources */ = {isa = PBXBuildFile; fileRef = 84E74B021D1EC739003B4C2A /* AppDelegate.swift */; };
		84E74B051D1EC739003B4C2A /* ViewController.swift in Sources */ = {isa = PBXBuildFile; fileRef = 84E74B041D1EC739003B4C2A /* ViewController.swift */; };
		84E74B081D1EC739003B4C2A /* Main.storyboard in Resources */ = {isa = PBXBuildFile; fileRef = 84E74B061D1EC739003B4C2A /* Main.storyboard */; };
		84E74B0A1D1EC739003B4C2A /* Assets.xcassets in Resources */ = {isa = PBXBuildFile; fileRef = 84E74B091D1EC739003B4C2A /* Assets.xcassets */; };
		84E74B0D1D1EC739003B4C2A /* LaunchScreen.storyboard in Resources */ = {isa = PBXBuildFile; fileRef = 84E74B0B1D1EC739003B4C2A /* LaunchScreen.storyboard */; };
		84E74B181D1EC739003B4C2A /* AppDownloadTests.swift in Sources */ = {isa = PBXBuildFile; fileRef = 84E74B171D1EC739003B4C2A /* AppDownloadTests.swift */; };
		84E74B231D1EC739003B4C2A /* AppDownloadUITests.swift in Sources */ = {isa = PBXBuildFile; fileRef = 84E74B221D1EC739003B4C2A /* AppDownloadUITests.swift */; };
		84E74B311D1EC764003B4C2A /* AppDownloadView.swift in Sources */ = {isa = PBXBuildFile; fileRef = 84E74B301D1EC764003B4C2A /* AppDownloadView.swift */; };
/* End PBXBuildFile section */

/* Begin PBXContainerItemProxy section */
		84E74B141D1EC739003B4C2A /* PBXContainerItemProxy */ = {
			isa = PBXContainerItemProxy;
			containerPortal = 84E74AF71D1EC739003B4C2A /* Project object */;
			proxyType = 1;
			remoteGlobalIDString = 84E74AFE1D1EC739003B4C2A;
			remoteInfo = AppDownload;
		};
		84E74B1F1D1EC739003B4C2A /* PBXContainerItemProxy */ = {
			isa = PBXContainerItemProxy;
			containerPortal = 84E74AF71D1EC739003B4C2A /* Project object */;
			proxyType = 1;
			remoteGlobalIDString = 84E74AFE1D1EC739003B4C2A;
			remoteInfo = AppDownload;
		};
/* End PBXContainerItemProxy section */

/* Begin PBXFileReference section */
		84E74AFF1D1EC739003B4C2A /* AppDownload.app */ = {isa = PBXFileReference; explicitFileType = wrapper.application; includeInIndex = 0; path = AppDownload.app; sourceTree = BUILT_PRODUCTS_DIR; };
		84E74B021D1EC739003B4C2A /* AppDelegate.swift */ = {isa = PBXFileReference; lastKnownFileType = sourcecode.swift; path = AppDelegate.swift; sourceTree = "<group>"; };
		84E74B041D1EC739003B4C2A /* ViewController.swift */ = {isa = PBXFileReference; lastKnownFileType = sourcecode.swift; path = ViewController.swift; sourceTree = "<group>"; };
		84E74B071D1EC739003B4C2A /* Base */ = {isa = PBXFileReference; lastKnownFileType = file.storyboard; name = Base; path = Base.lproj/Main.storyboard; sourceTree = "<group>"; };
		84E74B091D1EC739003B4C2A /* Assets.xcassets */ = {isa = PBXFileReference; lastKnownFileType = folder.assetcatalog; path = Assets.xcassets; sourceTree = "<group>"; };
		84E74B0C1D1EC739003B4C2A /* Base */ = {isa = PBXFileReference; lastKnownFileType = file.storyboard; name = Base; path = Base.lproj/LaunchScreen.storyboard; sourceTree = "<group>"; };
		84E74B0E1D1EC739003B4C2A /* Info.plist */ = {isa = PBXFileReference; lastKnownFileType = text.plist.xml; path = Info.plist; sourceTree = "<group>"; };
		84E74B131D1EC739003B4C2A /* AppDownloadTests.xctest */ = {isa = PBXFileReference; explicitFileType = wrapper.cfbundle; includeInIndex = 0; path = AppDownloadTests.xctest; sourceTree = BUILT_PRODUCTS_DIR; };
		84E74B171D1EC739003B4C2A /* AppDownloadTests.swift */ = {isa = PBXFileReference; lastKnownFileType = sourcecode.swift; path = AppDownloadTests.swift; sourceTree = "<group>"; };
		84E74B191D1EC739003B4C2A /* Info.plist */ = {isa = PBXFileReference; lastKnownFileType = text.plist.xml; path = Info.plist; sourceTree = "<group>"; };
		84E74B1E1D1EC739003B4C2A /* AppDownloadUITests.xctest */ = {isa = PBXFileReference; explicitFileType = wrapper.cfbundle; includeInIndex = 0; path = AppDownloadUITests.xctest; sourceTree = BUILT_PRODUCTS_DIR; };
		84E74B221D1EC739003B4C2A /* AppDownloadUITests.swift */ = {isa = PBXFileReference; lastKnownFileType = sourcecode.swift; path = AppDownloadUITests.swift; sourceTree = "<group>"; };
		84E74B241D1EC739003B4C2A /* Info.plist */ = {isa = PBXFileReference; lastKnownFileType = text.plist.xml; path = Info.plist; sourceTree = "<group>"; };
		84E74B301D1EC764003B4C2A /* AppDownloadView.swift */ = {isa = PBXFileReference; fileEncoding = 4; lastKnownFileType = sourcecode.swift; path = AppDownloadView.swift; sourceTree = "<group>"; };
/* End PBXFileReference section */

/* Begin PBXFrameworksBuildPhase section */
		84E74AFC1D1EC739003B4C2A /* Frameworks */ = {
			isa = PBXFrameworksBuildPhase;
			buildActionMask = 2147483647;
			files = (
			);
			runOnlyForDeploymentPostprocessing = 0;
		};
		84E74B101D1EC739003B4C2A /* Frameworks */ = {
			isa = PBXFrameworksBuildPhase;
			buildActionMask = 2147483647;
			files = (
			);
			runOnlyForDeploymentPostprocessing = 0;
		};
		84E74B1B1D1EC739003B4C2A /* Frameworks */ = {
			isa = PBXFrameworksBuildPhase;
			buildActionMask = 2147483647;
			files = (
			);
			runOnlyForDeploymentPostprocessing = 0;
		};
/* End PBXFrameworksBuildPhase section */

/* Begin PBXGroup section */
		84E74AF61D1EC739003B4C2A = {
			isa = PBXGroup;
			children = (
				84E74B011D1EC739003B4C2A /* AppDownload */,
				84E74B161D1EC739003B4C2A /* AppDownloadTests */,
				84E74B211D1EC739003B4C2A /* AppDownloadUITests */,
				84E74B001D1EC739003B4C2A /* Products */,
			);
			sourceTree = "<group>";
		};
		84E74B001D1EC739003B4C2A /* Products */ = {
			isa = PBXGroup;
			children = (
				84E74AFF1D1EC739003B4C2A /* AppDownload.app */,
				84E74B131D1EC739003B4C2A /* AppDownloadTests.xctest */,
				84E74B1E1D1EC739003B4C2A /* AppDownloadUITests.xctest */,
			);
			name = Products;
			sourceTree = "<group>";
		};
		84E74B011D1EC739003B4C2A /* AppDownload */ = {
			isa = PBXGroup;
			children = (
				84E74B021D1EC739003B4C2A /* AppDelegate.swift */,
				84E74B041D1EC739003B4C2A /* ViewController.swift */,
				84E74B301D1EC764003B4C2A /* AppDownloadView.swift */,
				84E74B061D1EC739003B4C2A /* Main.storyboard */,
				84E74B091D1EC739003B4C2A /* Assets.xcassets */,
				84E74B0B1D1EC739003B4C2A /* LaunchScreen.storyboard */,
				84E74B0E1D1EC739003B4C2A /* Info.plist */,
			);
			path = AppDownload;
			sourceTree = "<group>";
		};
		84E74B161D1EC739003B4C2A /* AppDownloadTests */ = {
			isa = PBXGroup;
			children = (
				84E74B171D1EC739003B4C2A /* AppDownloadTests.swift */,
				84E74B191D1EC739003B4C2A /* Info.plist */,
			);
			path = AppDownloadTests;
			sourceTree = "<group>";
		};
		84E74B211D1EC739003B4C2A /* AppDownloadUITests */ = {
			isa = PBXGroup;
			children = (
				84E74B221D1EC739003B4C2A /* AppDownloadUITests.swift */,
				84E74B241D1EC739003B4C2A /* Info.plist */,
			);
			path = AppDownloadUITests;
			sourceTree = "<group>";
		};
/* End PBXGroup section */

/* Begin PBXNativeTarget section */
		84E74AFE1D1EC739003B4C2A /* AppDownload */ = {
			isa = PBXNativeTarget;
			buildConfigurationList = 84E74B271D1EC739003B4C2A /* Build configuration list for PBXNativeTarget "AppDownload" */;
			buildPhases = (
				84E74AFB1D1EC739003B4C2A /* Sources */,
				84E74AFC1D1EC739003B4C2A /* Frameworks */,
				84E74AFD1D1EC739003B4C2A /* Resources */,
			);
			buildRules = (
			);
			dependencies = (
			);
			name = AppDownload;
			productName = AppDownload;
			productReference = 84E74AFF1D1EC739003B4C2A /* AppDownload.app */;
			productType = "com.apple.product-type.application";
		};
		84E74B121D1EC739003B4C2A /* AppDownloadTests */ = {
			isa = PBXNativeTarget;
			buildConfigurationList = 84E74B2A1D1EC739003B4C2A /* Build configuration list for PBXNativeTarget "AppDownloadTests" */;
			buildPhases = (
				84E74B0F1D1EC739003B4C2A /* Sources */,
				84E74B101D1EC739003B4C2A /* Frameworks */,
				84E74B111D1EC739003B4C2A /* Resources */,
			);
			buildRules = (
			);
			dependencies = (
				84E74B151D1EC739003B4C2A /* PBXTargetDependency */,
			);
			name = AppDownloadTests;
			productName = AppDownloadTests;
			productReference = 84E74B131D1EC739003B4C2A /* AppDownloadTests.xctest */;
			productType = "com.apple.product-type.bundle.unit-test";
		};
		84E74B1D1D1EC739003B4C2A /* AppDownloadUITests */ = {
			isa = PBXNativeTarget;
			buildConfigurationList = 84E74B2D1D1EC739003B4C2A /* Build configuration list for PBXNativeTarget "AppDownloadUITests" */;
			buildPhases = (
				84E74B1A1D1EC739003B4C2A /* Sources */,
				84E74B1B1D1EC739003B4C2A /* Frameworks */,
				84E74B1C1D1EC739003B4C2A /* Resources */,
			);
			buildRules = (
			);
			dependencies = (
				84E74B201D1EC739003B4C2A /* PBXTargetDependency */,
			);
			name = AppDownloadUITests;
			productName = AppDownloadUITests;
			productReference = 84E74B1E1D1EC739003B4C2A /* AppDownloadUITests.xctest */;
			productType = "com.apple.product-type.bundle.ui-testing";
		};
/* End PBXNativeTarget section */

/* Begin PBXProject section */
		84E74AF71D1EC739003B4C2A /* Project object */ = {
			isa = PBXProject;
			attributes = {
				LastSwiftUpdateCheck = 0730;
				LastUpgradeCheck = 0730;
				ORGANIZATIONNAME = yicheng;
				TargetAttributes = {
					84E74AFE1D1EC739003B4C2A = {
						CreatedOnToolsVersion = 7.3.1;
						DevelopmentTeam = PGBX798C4B;
					};
					84E74B121D1EC739003B4C2A = {
						CreatedOnToolsVersion = 7.3.1;
						DevelopmentTeam = PGBX798C4B;
						TestTargetID = 84E74AFE1D1EC739003B4C2A;
					};
					84E74B1D1D1EC739003B4C2A = {
						CreatedOnToolsVersion = 7.3.1;
						DevelopmentTeam = PGBX798C4B;
						TestTargetID = 84E74AFE1D1EC739003B4C2A;
					};
				};
			};
			buildConfigurationList = 84E74AFA1D1EC739003B4C2A /* Build configuration list for PBXProject "AppDownload" */;
			compatibilityVersion = "Xcode 3.2";
			developmentRegion = English;
			hasScannedForEncodings = 0;
			knownRegions = (
				en,
				Base,
			);
			mainGroup = 84E74AF61D1EC739003B4C2A;
			productRefGroup = 84E74B001D1EC739003B4C2A /* Products */;
			projectDirPath = "";
			projectRoot = "";
			targets = (
				84E74AFE1D1EC739003B4C2A /* AppDownload */,
				84E74B121D1EC739003B4C2A /* AppDownloadTests */,
				84E74B1D1D1EC739003B4C2A /* AppDownloadUITests */,
			);
		};
/* End PBXProject section */

/* Begin PBXResourcesBuildPhase section */
		84E74AFD1D1EC739003B4C2A /* Resources */ = {
			isa = PBXResourcesBuildPhase;
			buildActionMask = 2147483647;
			files = (
				84E74B0D1D1EC739003B4C2A /* LaunchScreen.storyboard in Resources */,
				84E74B0A1D1EC739003B4C2A /* Assets.xcassets in Resources */,
				84E74B081D1EC739003B4C2A /* Main.storyboard in Resources */,
			);
			runOnlyForDeploymentPostprocessing = 0;
		};
		84E74B111D1EC739003B4C2A /* Resources */ = {
			isa = PBXResourcesBuildPhase;
			buildActionMask = 2147483647;
			files = (
			);
			runOnlyForDeploymentPostprocessing = 0;
		};
		84E74B1C1D1EC739003B4C2A /* Resources */ = {
			isa = PBXResourcesBuildPhase;
			buildActionMask = 2147483647;
			files = (
			);
			runOnlyForDeploymentPostprocessing = 0;
		};
/* End PBXResourcesBuildPhase section */

/* Begin PBXSourcesBuildPhase section */
		84E74AFB1D1EC739003B4C2A /* Sources */ = {
			isa = PBXSourcesBuildPhase;
			buildActionMask = 2147483647;
			files = (
				84E74B311D1EC764003B4C2A /* AppDownloadView.swift in Sources */,
				84E74B051D1EC739003B4C2A /* ViewController.swift in Sources */,
				84E74B031D1EC739003B4C2A /* AppDelegate.swift in Sources */,
			);
			runOnlyForDeploymentPostprocessing = 0;
		};
		84E74B0F1D1EC739003B4C2A /* Sources */ = {
			isa = PBXSourcesBuildPhase;
			buildActionMask = 2147483647;
			files = (
				84E74B181D1EC739003B4C2A /* AppDownloadTests.swift in Sources */,
			);
			runOnlyForDeploymentPostprocessing = 0;
		};
		84E74B1A1D1EC739003B4C2A /* Sources */ = {
			isa = PBXSourcesBuildPhase;
			buildActionMask = 2147483647;
			files = (
				84E74B231D1EC739003B4C2A /* AppDownloadUITests.swift in Sources */,
			);
			runOnlyForDeploymentPostprocessing = 0;
		};
/* End PBXSourcesBuildPhase section */

/* Begin PBXTargetDependency section */
		84E74B151D1EC739003B4C2A /* PBXTargetDependency */ = {
			isa = PBXTargetDependency;
			target = 84E74AFE1D1EC739003B4C2A /* AppDownload */;
			targetProxy = 84E74B141D1EC739003B4C2A /* PBXContainerItemProxy */;
		};
		84E74B201D1EC739003B4C2A /* PBXTargetDependency */ = {
			isa = PBXTargetDependency;
			target = 84E74AFE1D1EC739003B4C2A /* AppDownload */;
			targetProxy = 84E74B1F1D1EC739003B4C2A /* PBXContainerItemProxy */;
		};
/* End PBXTargetDependency section */

/* Begin PBXVariantGroup section */
		84E74B061D1EC739003B4C2A /* Main.storyboard */ = {
			isa = PBXVariantGroup;
			children = (
				84E74B071D1EC739003B4C2A /* Base */,
			);
			name = Main.storyboard;
			sourceTree = "<group>";
		};
		84E74B0B1D1EC739003B4C2A /* LaunchScreen.storyboard */ = {
			isa = PBXVariantGroup;
			children = (
				84E74B0C1D1EC739003B4C2A /* Base */,
			);
			name = LaunchScreen.storyboard;
			sourceTree = "<group>";
		};
/* End PBXVariantGroup section */

/* Begin XCBuildConfiguration section */
		84E74B251D1EC739003B4C2A /* Debug */ = {
			isa = XCBuildConfiguration;
			buildSettings = {
				ALWAYS_SEARCH_USER_PATHS = NO;
				CLANG_ANALYZER_NONNULL = YES;
				CLANG_CXX_LANGUAGE_STANDARD = "gnu++0x";
				CLANG_CXX_LIBRARY = "libc++";
				CLANG_ENABLE_MODULES = YES;
				CLANG_ENABLE_OBJC_ARC = YES;
				CLANG_WARN_BOOL_CONVERSION = YES;
				CLANG_WARN_CONSTANT_CONVERSION = YES;
				CLANG_WARN_DIRECT_OBJC_ISA_USAGE = YES_ERROR;
				CLANG_WARN_EMPTY_BODY = YES;
				CLANG_WARN_ENUM_CONVERSION = YES;
				CLANG_WARN_INT_CONVERSION = YES;
				CLANG_WARN_OBJC_ROOT_CLASS = YES_ERROR;
				CLANG_WARN_UNREACHABLE_CODE = YES;
				CLANG_WARN__DUPLICATE_METHOD_MATCH = YES;
				"CODE_SIGN_IDENTITY[sdk=iphoneos*]" = "iPhone Developer";
				COPY_PHASE_STRIP = NO;
				DEBUG_INFORMATION_FORMAT = dwarf;
				ENABLE_STRICT_OBJC_MSGSEND = YES;
				ENABLE_TESTABILITY = YES;
				GCC_C_LANGUAGE_STANDARD = gnu99;
				GCC_DYNAMIC_NO_PIC = NO;
				GCC_NO_COMMON_BLOCKS = YES;
				GCC_OPTIMIZATION_LEVEL = 0;
				GCC_PREPROCESSOR_DEFINITIONS = (
					"DEBUG=1",
					"$(inherited)",
				);
				GCC_WARN_64_TO_32_BIT_CONVERSION = YES;
				GCC_WARN_ABOUT_RETURN_TYPE = YES_ERROR;
				GCC_WARN_UNDECLARED_SELECTOR = YES;
				GCC_WARN_UNINITIALIZED_AUTOS = YES_AGGRESSIVE;
				GCC_WARN_UNUSED_FUNCTION = YES;
				GCC_WARN_UNUSED_VARIABLE = YES;
				IPHONEOS_DEPLOYMENT_TARGET = 9.3;
				MTL_ENABLE_DEBUG_INFO = YES;
				ONLY_ACTIVE_ARCH = YES;
				SDKROOT = iphoneos;
				SWIFT_OPTIMIZATION_LEVEL = "-Onone";
			};
			name = Debug;
		};
		84E74B261D1EC739003B4C2A /* Release */ = {
			isa = XCBuildConfiguration;
			buildSettings = {
				ALWAYS_SEARCH_USER_PATHS = NO;
				CLANG_ANALYZER_NONNULL = YES;
				CLANG_CXX_LANGUAGE_STANDARD = "gnu++0x";
				CLANG_CXX_LIBRARY = "libc++";
				CLANG_ENABLE_MODULES = YES;
				CLANG_ENABLE_OBJC_ARC = YES;
				CLANG_WARN_BOOL_CONVERSION = YES;
				CLANG_WARN_CONSTANT_CONVERSION = YES;
				CLANG_WARN_DIRECT_OBJC_ISA_USAGE = YES_ERROR;
				CLANG_WARN_EMPTY_BODY = YES;
				CLANG_WARN_ENUM_CONVERSION = YES;
				CLANG_WARN_INT_CONVERSION = YES;
				CLANG_WARN_OBJC_ROOT_CLASS = YES_ERROR;
				CLANG_WARN_UNREACHABLE_CODE = YES;
				CLANG_WARN__DUPLICATE_METHOD_MATCH = YES;
				"CODE_SIGN_IDENTITY[sdk=iphoneos*]" = "iPhone Developer";
				COPY_PHASE_STRIP = NO;
				DEBUG_INFORMATION_FORMAT = "dwarf-with-dsym";
				ENABLE_NS_ASSERTIONS = NO;
				ENABLE_STRICT_OBJC_MSGSEND = YES;
				GCC_C_LANGUAGE_STANDARD = gnu99;
				GCC_NO_COMMON_BLOCKS = YES;
				GCC_WARN_64_TO_32_BIT_CONVERSION = YES;
				GCC_WARN_ABOUT_RETURN_TYPE = YES_ERROR;
				GCC_WARN_UNDECLARED_SELECTOR = YES;
				GCC_WARN_UNINITIALIZED_AUTOS = YES_AGGRESSIVE;
				GCC_WARN_UNUSED_FUNCTION = YES;
				GCC_WARN_UNUSED_VARIABLE = YES;
				IPHONEOS_DEPLOYMENT_TARGET = 9.3;
				MTL_ENABLE_DEBUG_INFO = NO;
				SDKROOT = iphoneos;
				VALIDATE_PRODUCT = YES;
			};
			name = Release;
		};
		84E74B281D1EC739003B4C2A /* Debug */ = {
			isa = XCBuildConfiguration;
			buildSettings = {
				ASSETCATALOG_COMPILER_APPICON_NAME = AppIcon;
				INFOPLIST_FILE = AppDownload/Info.plist;
				LD_RUNPATH_SEARCH_PATHS = "$(inherited) @executable_path/Frameworks";
				PRODUCT_BUNDLE_IDENTIFIER = com.lly.AppDownload;
				PRODUCT_NAME = "$(TARGET_NAME)";
			};
			name = Debug;
		};
		84E74B291D1EC739003B4C2A /* Release */ = {
			isa = XCBuildConfiguration;
			buildSettings = {
				ASSETCATALOG_COMPILER_APPICON_NAME = AppIcon;
				INFOPLIST_FILE = AppDownload/Info.plist;
				LD_RUNPATH_SEARCH_PATHS = "$(inherited) @executable_path/Frameworks";
				PRODUCT_BUNDLE_IDENTIFIER = com.lly.AppDownload;
				PRODUCT_NAME = "$(TARGET_NAME)";
			};
			name = Release;
		};
		84E74B2B1D1EC739003B4C2A /* Debug */ = {
			isa = XCBuildConfiguration;
			buildSettings = {
				BUNDLE_LOADER = "$(TEST_HOST)";
				INFOPLIST_FILE = AppDownloadTests/Info.plist;
				LD_RUNPATH_SEARCH_PATHS = "$(inherited) @executable_path/Frameworks @loader_path/Frameworks";
				PRODUCT_BUNDLE_IDENTIFIER = com.lly.AppDownloadTests;
				PRODUCT_NAME = "$(TARGET_NAME)";
				TEST_HOST = "$(BUILT_PRODUCTS_DIR)/AppDownload.app/AppDownload";
			};
			name = Debug;
		};
		84E74B2C1D1EC739003B4C2A /* Release */ = {
			isa = XCBuildConfiguration;
			buildSettings = {
				BUNDLE_LOADER = "$(TEST_HOST)";
				INFOPLIST_FILE = AppDownloadTests/Info.plist;
				LD_RUNPATH_SEARCH_PATHS = "$(inherited) @executable_path/Frameworks @loader_path/Frameworks";
				PRODUCT_BUNDLE_IDENTIFIER = com.lly.AppDownloadTests;
				PRODUCT_NAME = "$(TARGET_NAME)";
				TEST_HOST = "$(BUILT_PRODUCTS_DIR)/AppDownload.app/AppDownload";
			};
			name = Release;
		};
		84E74B2E1D1EC739003B4C2A /* Debug */ = {
			isa = XCBuildConfiguration;
			buildSettings = {
				INFOPLIST_FILE = AppDownloadUITests/Info.plist;
				LD_RUNPATH_SEARCH_PATHS = "$(inherited) @executable_path/Frameworks @loader_path/Frameworks";
				PRODUCT_BUNDLE_IDENTIFIER = com.lly.AppDownloadUITests;
				PRODUCT_NAME = "$(TARGET_NAME)";
				TEST_TARGET_NAME = AppDownload;
			};
			name = Debug;
		};
		84E74B2F1D1EC739003B4C2A /* Release */ = {
			isa = XCBuildConfiguration;
			buildSettings = {
				INFOPLIST_FILE = AppDownloadUITests/Info.plist;
				LD_RUNPATH_SEARCH_PATHS = "$(inherited) @executable_path/Frameworks @loader_path/Frameworks";
				PRODUCT_BUNDLE_IDENTIFIER = com.lly.AppDownloadUITests;
				PRODUCT_NAME = "$(TARGET_NAME)";
				TEST_TARGET_NAME = AppDownload;
			};
			name = Release;
		};
/* End XCBuildConfiguration section */

/* Begin XCConfigurationList section */
		84E74AFA1D1EC739003B4C2A /* Build configuration list for PBXProject "AppDownload" */ = {
			isa = XCConfigurationList;
			buildConfigurations = (
				84E74B251D1EC739003B4C2A /* Debug */,
				84E74B261D1EC739003B4C2A /* Release */,
			);
			defaultConfigurationIsVisible = 0;
			defaultConfigurationName = Release;
		};
		84E74B271D1EC739003B4C2A /* Build configuration list for PBXNativeTarget "AppDownload" */ = {
			isa = XCConfigurationList;
			buildConfigurations = (
				84E74B281D1EC739003B4C2A /* Debug */,
				84E74B291D1EC739003B4C2A /* Release */,
			);
			defaultConfigurationIsVisible = 0;
		};
		84E74B2A1D1EC739003B4C2A /* Build configuration list for PBXNativeTarget "AppDownloadTests" */ = {
			isa = XCConfigurationList;
			buildConfigurations = (
				84E74B2B1D1EC739003B4C2A /* Debug */,
				84E74B2C1D1EC739003B4C2A /* Release */,
			);
			defaultConfigurationIsVisible = 0;
		};
		84E74B2D1D1EC739003B4C2A /* Build configuration list for PBXNativeTarget "AppDownloadUITests" */ = {
			isa = XCConfigurationList;
			buildConfigurations = (
				84E74B2E1D1EC739003B4C2A /* Debug */,
				84E74B2F1D1EC739003B4C2A /* Release */,
			);
			defaultConfigurationIsVisible = 0;
		};
/* End XCConfigurationList section */
	};
	rootObject = 84E74AF71D1EC739003B4C2A /* Project object */;
}
