// !$*UTF8*$!
{
	archiveVersion = 1;
	classes = {
	};
	objectVersion = 46;
	objects = {

/* Begin PBXBuildFile section */
		8476957B1D25628100D55935 /* AppDelegate.swift in Sources */ = {isa = PBXBuildFile; fileRef = 8476957A1D25628100D55935 /* AppDelegate.swift */; };
		8476957D1D25628100D55935 /* ViewController.swift in Sources */ = {isa = PBXBuildFile; fileRef = 8476957C1D25628100D55935 /* ViewController.swift */; };
		847695801D25628100D55935 /* Main.storyboard in Resources */ = {isa = PBXBuildFile; fileRef = 8476957E1D25628100D55935 /* Main.storyboard */; };
		847695821D25628100D55935 /* Assets.xcassets in Resources */ = {isa = PBXBuildFile; fileRef = 847695811D25628100D55935 /* Assets.xcassets */; };
		847695851D25628100D55935 /* LaunchScreen.storyboard in Resources */ = {isa = PBXBuildFile; fileRef = 847695831D25628100D55935 /* LaunchScreen.storyboard */; };
		847695901D25628100D55935 /* PlaySongTests.swift in Sources */ = {isa = PBXBuildFile; fileRef = 8476958F1D25628100D55935 /* PlaySongTests.swift */; };
		8476959B1D25628100D55935 /* PlaySongUITests.swift in Sources */ = {isa = PBXBuildFile; fileRef = 8476959A1D25628100D55935 /* PlaySongUITests.swift */; };
		847695A91D25635200D55935 /* ghsy.mp3 in Resources */ = {isa = PBXBuildFile; fileRef = 847695A81D25635200D55935 /* ghsy.mp3 */; };
/* End PBXBuildFile section */

/* Begin PBXContainerItemProxy section */
		8476958C1D25628100D55935 /* PBXContainerItemProxy */ = {
			isa = PBXContainerItemProxy;
			containerPortal = 8476956F1D25628100D55935 /* Project object */;
			proxyType = 1;
			remoteGlobalIDString = 847695761D25628100D55935;
			remoteInfo = PlaySong;
		};
		847695971D25628100D55935 /* PBXContainerItemProxy */ = {
			isa = PBXContainerItemProxy;
			containerPortal = 8476956F1D25628100D55935 /* Project object */;
			proxyType = 1;
			remoteGlobalIDString = 847695761D25628100D55935;
			remoteInfo = PlaySong;
		};
/* End PBXContainerItemProxy section */

/* Begin PBXFileReference section */
		847695771D25628100D55935 /* PlaySong.app */ = {isa = PBXFileReference; explicitFileType = wrapper.application; includeInIndex = 0; path = PlaySong.app; sourceTree = BUILT_PRODUCTS_DIR; };
		8476957A1D25628100D55935 /* AppDelegate.swift */ = {isa = PBXFileReference; lastKnownFileType = sourcecode.swift; path = AppDelegate.swift; sourceTree = "<group>"; };
		8476957C1D25628100D55935 /* ViewController.swift */ = {isa = PBXFileReference; lastKnownFileType = sourcecode.swift; path = ViewController.swift; sourceTree = "<group>"; };
		8476957F1D25628100D55935 /* Base */ = {isa = PBXFileReference; lastKnownFileType = file.storyboard; name = Base; path = Base.lproj/Main.storyboard; sourceTree = "<group>"; };
		847695811D25628100D55935 /* Assets.xcassets */ = {isa = PBXFileReference; lastKnownFileType = folder.assetcatalog; path = Assets.xcassets; sourceTree = "<group>"; };
		847695841D25628100D55935 /* Base */ = {isa = PBXFileReference; lastKnownFileType = file.storyboard; name = Base; path = Base.lproj/LaunchScreen.storyboard; sourceTree = "<group>"; };
		847695861D25628100D55935 /* Info.plist */ = {isa = PBXFileReference; lastKnownFileType = text.plist.xml; path = Info.plist; sourceTree = "<group>"; };
		8476958B1D25628100D55935 /* PlaySongTests.xctest */ = {isa = PBXFileReference; explicitFileType = wrapper.cfbundle; includeInIndex = 0; path = PlaySongTests.xctest; sourceTree = BUILT_PRODUCTS_DIR; };
		8476958F1D25628100D55935 /* PlaySongTests.swift */ = {isa = PBXFileReference; lastKnownFileType = sourcecode.swift; path = PlaySongTests.swift; sourceTree = "<group>"; };
		847695911D25628100D55935 /* Info.plist */ = {isa = PBXFileReference; lastKnownFileType = text.plist.xml; path = Info.plist; sourceTree = "<group>"; };
		847695961D25628100D55935 /* PlaySongUITests.xctest */ = {isa = PBXFileReference; explicitFileType = wrapper.cfbundle; includeInIndex = 0; path = PlaySongUITests.xctest; sourceTree = BUILT_PRODUCTS_DIR; };
		8476959A1D25628100D55935 /* PlaySongUITests.swift */ = {isa = PBXFileReference; lastKnownFileType = sourcecode.swift; path = PlaySongUITests.swift; sourceTree = "<group>"; };
		8476959C1D25628100D55935 /* Info.plist */ = {isa = PBXFileReference; lastKnownFileType = text.plist.xml; path = Info.plist; sourceTree = "<group>"; };
		847695A81D25635200D55935 /* ghsy.mp3 */ = {isa = PBXFileReference; lastKnownFileType = audio.mp3; path = ghsy.mp3; sourceTree = "<group>"; };
/* End PBXFileReference section */

/* Begin PBXFrameworksBuildPhase section */
		847695741D25628100D55935 /* Frameworks */ = {
			isa = PBXFrameworksBuildPhase;
			buildActionMask = 2147483647;
			files = (
			);
			runOnlyForDeploymentPostprocessing = 0;
		};
		847695881D25628100D55935 /* Frameworks */ = {
			isa = PBXFrameworksBuildPhase;
			buildActionMask = 2147483647;
			files = (
			);
			runOnlyForDeploymentPostprocessing = 0;
		};
		847695931D25628100D55935 /* Frameworks */ = {
			isa = PBXFrameworksBuildPhase;
			buildActionMask = 2147483647;
			files = (
			);
			runOnlyForDeploymentPostprocessing = 0;
		};
/* End PBXFrameworksBuildPhase section */

/* Begin PBXGroup section */
		8476956E1D25628100D55935 = {
			isa = PBXGroup;
			children = (
				847695791D25628100D55935 /* PlaySong */,
				8476958E1D25628100D55935 /* PlaySongTests */,
				847695991D25628100D55935 /* PlaySongUITests */,
				847695781D25628100D55935 /* Products */,
			);
			sourceTree = "<group>";
		};
		847695781D25628100D55935 /* Products */ = {
			isa = PBXGroup;
			children = (
				847695771D25628100D55935 /* PlaySong.app */,
				8476958B1D25628100D55935 /* PlaySongTests.xctest */,
				847695961D25628100D55935 /* PlaySongUITests.xctest */,
			);
			name = Products;
			sourceTree = "<group>";
		};
		847695791D25628100D55935 /* PlaySong */ = {
			isa = PBXGroup;
			children = (
				8476957A1D25628100D55935 /* AppDelegate.swift */,
				8476957C1D25628100D55935 /* ViewController.swift */,
				8476957E1D25628100D55935 /* Main.storyboard */,
				847695811D25628100D55935 /* Assets.xcassets */,
				847695A81D25635200D55935 /* ghsy.mp3 */,
				847695831D25628100D55935 /* LaunchScreen.storyboard */,
				847695861D25628100D55935 /* Info.plist */,
			);
			path = PlaySong;
			sourceTree = "<group>";
		};
		8476958E1D25628100D55935 /* PlaySongTests */ = {
			isa = PBXGroup;
			children = (
				8476958F1D25628100D55935 /* PlaySongTests.swift */,
				847695911D25628100D55935 /* Info.plist */,
			);
			path = PlaySongTests;
			sourceTree = "<group>";
		};
		847695991D25628100D55935 /* PlaySongUITests */ = {
			isa = PBXGroup;
			children = (
				8476959A1D25628100D55935 /* PlaySongUITests.swift */,
				8476959C1D25628100D55935 /* Info.plist */,
			);
			path = PlaySongUITests;
			sourceTree = "<group>";
		};
/* End PBXGroup section */

/* Begin PBXNativeTarget section */
		847695761D25628100D55935 /* PlaySong */ = {
			isa = PBXNativeTarget;
			buildConfigurationList = 8476959F1D25628100D55935 /* Build configuration list for PBXNativeTarget "PlaySong" */;
			buildPhases = (
				847695731D25628100D55935 /* Sources */,
				847695741D25628100D55935 /* Frameworks */,
				847695751D25628100D55935 /* Resources */,
			);
			buildRules = (
			);
			dependencies = (
			);
			name = PlaySong;
			productName = PlaySong;
			productReference = 847695771D25628100D55935 /* PlaySong.app */;
			productType = "com.apple.product-type.application";
		};
		8476958A1D25628100D55935 /* PlaySongTests */ = {
			isa = PBXNativeTarget;
			buildConfigurationList = 847695A21D25628100D55935 /* Build configuration list for PBXNativeTarget "PlaySongTests" */;
			buildPhases = (
				847695871D25628100D55935 /* Sources */,
				847695881D25628100D55935 /* Frameworks */,
				847695891D25628100D55935 /* Resources */,
			);
			buildRules = (
			);
			dependencies = (
				8476958D1D25628100D55935 /* PBXTargetDependency */,
			);
			name = PlaySongTests;
			productName = PlaySongTests;
			productReference = 8476958B1D25628100D55935 /* PlaySongTests.xctest */;
			productType = "com.apple.product-type.bundle.unit-test";
		};
		847695951D25628100D55935 /* PlaySongUITests */ = {
			isa = PBXNativeTarget;
			buildConfigurationList = 847695A51D25628100D55935 /* Build configuration list for PBXNativeTarget "PlaySongUITests" */;
			buildPhases = (
				847695921D25628100D55935 /* Sources */,
				847695931D25628100D55935 /* Frameworks */,
				847695941D25628100D55935 /* Resources */,
			);
			buildRules = (
			);
			dependencies = (
				847695981D25628100D55935 /* PBXTargetDependency */,
			);
			name = PlaySongUITests;
			productName = PlaySongUITests;
			productReference = 847695961D25628100D55935 /* PlaySongUITests.xctest */;
			productType = "com.apple.product-type.bundle.ui-testing";
		};
/* End PBXNativeTarget section */

/* Begin PBXProject section */
		8476956F1D25628100D55935 /* Project object */ = {
			isa = PBXProject;
			attributes = {
				LastSwiftUpdateCheck = 0730;
				LastUpgradeCheck = 0730;
				ORGANIZATIONNAME = yicheng;
				TargetAttributes = {
					847695761D25628100D55935 = {
						CreatedOnToolsVersion = 7.3.1;
						DevelopmentTeam = PGBX798C4B;
					};
					8476958A1D25628100D55935 = {
						CreatedOnToolsVersion = 7.3.1;
						DevelopmentTeam = PGBX798C4B;
						TestTargetID = 847695761D25628100D55935;
					};
					847695951D25628100D55935 = {
						CreatedOnToolsVersion = 7.3.1;
						DevelopmentTeam = PGBX798C4B;
						TestTargetID = 847695761D25628100D55935;
					};
				};
			};
			buildConfigurationList = 847695721D25628100D55935 /* Build configuration list for PBXProject "PlaySong" */;
			compatibilityVersion = "Xcode 3.2";
			developmentRegion = English;
			hasScannedForEncodings = 0;
			knownRegions = (
				en,
				Base,
			);
			mainGroup = 8476956E1D25628100D55935;
			productRefGroup = 847695781D25628100D55935 /* Products */;
			projectDirPath = "";
			projectRoot = "";
			targets = (
				847695761D25628100D55935 /* PlaySong */,
				8476958A1D25628100D55935 /* PlaySongTests */,
				847695951D25628100D55935 /* PlaySongUITests */,
			);
		};
/* End PBXProject section */

/* Begin PBXResourcesBuildPhase section */
		847695751D25628100D55935 /* Resources */ = {
			isa = PBXResourcesBuildPhase;
			buildActionMask = 2147483647;
			files = (
				847695851D25628100D55935 /* LaunchScreen.storyboard in Resources */,
				847695821D25628100D55935 /* Assets.xcassets in Resources */,
				847695801D25628100D55935 /* Main.storyboard in Resources */,
				847695A91D25635200D55935 /* ghsy.mp3 in Resources */,
			);
			runOnlyForDeploymentPostprocessing = 0;
		};
		847695891D25628100D55935 /* Resources */ = {
			isa = PBXResourcesBuildPhase;
			buildActionMask = 2147483647;
			files = (
			);
			runOnlyForDeploymentPostprocessing = 0;
		};
		847695941D25628100D55935 /* Resources */ = {
			isa = PBXResourcesBuildPhase;
			buildActionMask = 2147483647;
			files = (
			);
			runOnlyForDeploymentPostprocessing = 0;
		};
/* End PBXResourcesBuildPhase section */

/* Begin PBXSourcesBuildPhase section */
		847695731D25628100D55935 /* Sources */ = {
			isa = PBXSourcesBuildPhase;
			buildActionMask = 2147483647;
			files = (
				8476957D1D25628100D55935 /* ViewController.swift in Sources */,
				8476957B1D25628100D55935 /* AppDelegate.swift in Sources */,
			);
			runOnlyForDeploymentPostprocessing = 0;
		};
		847695871D25628100D55935 /* Sources */ = {
			isa = PBXSourcesBuildPhase;
			buildActionMask = 2147483647;
			files = (
				847695901D25628100D55935 /* PlaySongTests.swift in Sources */,
			);
			runOnlyForDeploymentPostprocessing = 0;
		};
		847695921D25628100D55935 /* Sources */ = {
			isa = PBXSourcesBuildPhase;
			buildActionMask = 2147483647;
			files = (
				8476959B1D25628100D55935 /* PlaySongUITests.swift in Sources */,
			);
			runOnlyForDeploymentPostprocessing = 0;
		};
/* End PBXSourcesBuildPhase section */

/* Begin PBXTargetDependency section */
		8476958D1D25628100D55935 /* PBXTargetDependency */ = {
			isa = PBXTargetDependency;
			target = 847695761D25628100D55935 /* PlaySong */;
			targetProxy = 8476958C1D25628100D55935 /* PBXContainerItemProxy */;
		};
		847695981D25628100D55935 /* PBXTargetDependency */ = {
			isa = PBXTargetDependency;
			target = 847695761D25628100D55935 /* PlaySong */;
			targetProxy = 847695971D25628100D55935 /* PBXContainerItemProxy */;
		};
/* End PBXTargetDependency section */

/* Begin PBXVariantGroup section */
		8476957E1D25628100D55935 /* Main.storyboard */ = {
			isa = PBXVariantGroup;
			children = (
				8476957F1D25628100D55935 /* Base */,
			);
			name = Main.storyboard;
			sourceTree = "<group>";
		};
		847695831D25628100D55935 /* LaunchScreen.storyboard */ = {
			isa = PBXVariantGroup;
			children = (
				847695841D25628100D55935 /* Base */,
			);
			name = LaunchScreen.storyboard;
			sourceTree = "<group>";
		};
/* End PBXVariantGroup section */

/* Begin XCBuildConfiguration section */
		8476959D1D25628100D55935 /* Debug */ = {
			isa = XCBuildConfiguration;
			buildSettings = {
				ALWAYS_SEARCH_USER_PATHS = NO;
				CLANG_ANALYZER_NONNULL = YES;
				CLANG_CXX_LANGUAGE_STANDARD = "gnu++0x";
				CLANG_CXX_LIBRARY = "libc++";
				CLANG_ENABLE_MODULES = YES;
				CLANG_ENABLE_OBJC_ARC = YES;
				CLANG_WARN_BOOL_CONVERSION = YES;
				CLANG_WARN_CONSTANT_CONVERSION = YES;
				CLANG_WARN_DIRECT_OBJC_ISA_USAGE = YES_ERROR;
				CLANG_WARN_EMPTY_BODY = YES;
				CLANG_WARN_ENUM_CONVERSION = YES;
				CLANG_WARN_INT_CONVERSION = YES;
				CLANG_WARN_OBJC_ROOT_CLASS = YES_ERROR;
				CLANG_WARN_UNREACHABLE_CODE = YES;
				CLANG_WARN__DUPLICATE_METHOD_MATCH = YES;
				"CODE_SIGN_IDENTITY[sdk=iphoneos*]" = "iPhone Developer";
				COPY_PHASE_STRIP = NO;
				DEBUG_INFORMATION_FORMAT = dwarf;
				ENABLE_STRICT_OBJC_MSGSEND = YES;
				ENABLE_TESTABILITY = YES;
				GCC_C_LANGUAGE_STANDARD = gnu99;
				GCC_DYNAMIC_NO_PIC = NO;
				GCC_NO_COMMON_BLOCKS = YES;
				GCC_OPTIMIZATION_LEVEL = 0;
				GCC_PREPROCESSOR_DEFINITIONS = (
					"DEBUG=1",
					"$(inherited)",
				);
				GCC_WARN_64_TO_32_BIT_CONVERSION = YES;
				GCC_WARN_ABOUT_RETURN_TYPE = YES_ERROR;
				GCC_WARN_UNDECLARED_SELECTOR = YES;
				GCC_WARN_UNINITIALIZED_AUTOS = YES_AGGRESSIVE;
				GCC_WARN_UNUSED_FUNCTION = YES;
				GCC_WARN_UNUSED_VARIABLE = YES;
				IPHONEOS_DEPLOYMENT_TARGET = 9.3;
				MTL_ENABLE_DEBUG_INFO = YES;
				ONLY_ACTIVE_ARCH = YES;
				SDKROOT = iphoneos;
				SWIFT_OPTIMIZATION_LEVEL = "-Onone";
			};
			name = Debug;
		};
		8476959E1D25628100D55935 /* Release */ = {
			isa = XCBuildConfiguration;
			buildSettings = {
				ALWAYS_SEARCH_USER_PATHS = NO;
				CLANG_ANALYZER_NONNULL = YES;
				CLANG_CXX_LANGUAGE_STANDARD = "gnu++0x";
				CLANG_CXX_LIBRARY = "libc++";
				CLANG_ENABLE_MODULES = YES;
				CLANG_ENABLE_OBJC_ARC = YES;
				CLANG_WARN_BOOL_CONVERSION = YES;
				CLANG_WARN_CONSTANT_CONVERSION = YES;
				CLANG_WARN_DIRECT_OBJC_ISA_USAGE = YES_ERROR;
				CLANG_WARN_EMPTY_BODY = YES;
				CLANG_WARN_ENUM_CONVERSION = YES;
				CLANG_WARN_INT_CONVERSION = YES;
				CLANG_WARN_OBJC_ROOT_CLASS = YES_ERROR;
				CLANG_WARN_UNREACHABLE_CODE = YES;
				CLANG_WARN__DUPLICATE_METHOD_MATCH = YES;
				"CODE_SIGN_IDENTITY[sdk=iphoneos*]" = "iPhone Developer";
				COPY_PHASE_STRIP = NO;
				DEBUG_INFORMATION_FORMAT = "dwarf-with-dsym";
				ENABLE_NS_ASSERTIONS = NO;
				ENABLE_STRICT_OBJC_MSGSEND = YES;
				GCC_C_LANGUAGE_STANDARD = gnu99;
				GCC_NO_COMMON_BLOCKS = YES;
				GCC_WARN_64_TO_32_BIT_CONVERSION = YES;
				GCC_WARN_ABOUT_RETURN_TYPE = YES_ERROR;
				GCC_WARN_UNDECLARED_SELECTOR = YES;
				GCC_WARN_UNINITIALIZED_AUTOS = YES_AGGRESSIVE;
				GCC_WARN_UNUSED_FUNCTION = YES;
				GCC_WARN_UNUSED_VARIABLE = YES;
				IPHONEOS_DEPLOYMENT_TARGET = 9.3;
				MTL_ENABLE_DEBUG_INFO = NO;
				SDKROOT = iphoneos;
				VALIDATE_PRODUCT = YES;
			};
			name = Release;
		};
		847695A01D25628100D55935 /* Debug */ = {
			isa = XCBuildConfiguration;
			buildSettings = {
				ASSETCATALOG_COMPILER_APPICON_NAME = AppIcon;
				INFOPLIST_FILE = PlaySong/Info.plist;
				LD_RUNPATH_SEARCH_PATHS = "$(inherited) @executable_path/Frameworks";
				PRODUCT_BUNDLE_IDENTIFIER = com.lly.PlaySong;
				PRODUCT_NAME = "$(TARGET_NAME)";
			};
			name = Debug;
		};
		847695A11D25628100D55935 /* Release */ = {
			isa = XCBuildConfiguration;
			buildSettings = {
				ASSETCATALOG_COMPILER_APPICON_NAME = AppIcon;
				INFOPLIST_FILE = PlaySong/Info.plist;
				LD_RUNPATH_SEARCH_PATHS = "$(inherited) @executable_path/Frameworks";
				PRODUCT_BUNDLE_IDENTIFIER = com.lly.PlaySong;
				PRODUCT_NAME = "$(TARGET_NAME)";
			};
			name = Release;
		};
		847695A31D25628100D55935 /* Debug */ = {
			isa = XCBuildConfiguration;
			buildSettings = {
				BUNDLE_LOADER = "$(TEST_HOST)";
				INFOPLIST_FILE = PlaySongTests/Info.plist;
				LD_RUNPATH_SEARCH_PATHS = "$(inherited) @executable_path/Frameworks @loader_path/Frameworks";
				PRODUCT_BUNDLE_IDENTIFIER = com.lly.PlaySongTests;
				PRODUCT_NAME = "$(TARGET_NAME)";
				TEST_HOST = "$(BUILT_PRODUCTS_DIR)/PlaySong.app/PlaySong";
			};
			name = Debug;
		};
		847695A41D25628100D55935 /* Release */ = {
			isa = XCBuildConfiguration;
			buildSettings = {
				BUNDLE_LOADER = "$(TEST_HOST)";
				INFOPLIST_FILE = PlaySongTests/Info.plist;
				LD_RUNPATH_SEARCH_PATHS = "$(inherited) @executable_path/Frameworks @loader_path/Frameworks";
				PRODUCT_BUNDLE_IDENTIFIER = com.lly.PlaySongTests;
				PRODUCT_NAME = "$(TARGET_NAME)";
				TEST_HOST = "$(BUILT_PRODUCTS_DIR)/PlaySong.app/PlaySong";
			};
			name = Release;
		};
		847695A61D25628100D55935 /* Debug */ = {
			isa = XCBuildConfiguration;
			buildSettings = {
				INFOPLIST_FILE = PlaySongUITests/Info.plist;
				LD_RUNPATH_SEARCH_PATHS = "$(inherited) @executable_path/Frameworks @loader_path/Frameworks";
				PRODUCT_BUNDLE_IDENTIFIER = com.lly.PlaySongUITests;
				PRODUCT_NAME = "$(TARGET_NAME)";
				TEST_TARGET_NAME = PlaySong;
			};
			name = Debug;
		};
		847695A71D25628100D55935 /* Release */ = {
			isa = XCBuildConfiguration;
			buildSettings = {
				INFOPLIST_FILE = PlaySongUITests/Info.plist;
				LD_RUNPATH_SEARCH_PATHS = "$(inherited) @executable_path/Frameworks @loader_path/Frameworks";
				PRODUCT_BUNDLE_IDENTIFIER = com.lly.PlaySongUITests;
				PRODUCT_NAME = "$(TARGET_NAME)";
				TEST_TARGET_NAME = PlaySong;
			};
			name = Release;
		};
/* End XCBuildConfiguration section */

/* Begin XCConfigurationList section */
		847695721D25628100D55935 /* Build configuration list for PBXProject "PlaySong" */ = {
			isa = XCConfigurationList;
			buildConfigurations = (
				8476959D1D25628100D55935 /* Debug */,
				8476959E1D25628100D55935 /* Release */,
			);
			defaultConfigurationIsVisible = 0;
			defaultConfigurationName = Release;
		};
		8476959F1D25628100D55935 /* Build configuration list for PBXNativeTarget "PlaySong" */ = {
			isa = XCConfigurationList;
			buildConfigurations = (
				847695A01D25628100D55935 /* Debug */,
				847695A11D25628100D55935 /* Release */,
			);
			defaultConfigurationIsVisible = 0;
		};
		847695A21D25628100D55935 /* Build configuration list for PBXNativeTarget "PlaySongTests" */ = {
			isa = XCConfigurationList;
			buildConfigurations = (
				847695A31D25628100D55935 /* Debug */,
				847695A41D25628100D55935 /* Release */,
			);
			defaultConfigurationIsVisible = 0;
		};
		847695A51D25628100D55935 /* Build configuration list for PBXNativeTarget "PlaySongUITests" */ = {
			isa = XCConfigurationList;
			buildConfigurations = (
				847695A61D25628100D55935 /* Debug */,
				847695A71D25628100D55935 /* Release */,
			);
			defaultConfigurationIsVisible = 0;
		};
/* End XCConfigurationList section */
	};
	rootObject = 8476956F1D25628100D55935 /* Project object */;
}
