// !$*UTF8*$!
{
	archiveVersion = 1;
	classes = {
	};
	objectVersion = 46;
	objects = {

/* Begin PBXBuildFile section */
		84FD0E951CFF43930076908D /* main.m in Sources */ = {isa = PBXBuildFile; fileRef = 84FD0E941CFF43930076908D /* main.m */; };
		84FD0E981CFF43930076908D /* AppDelegate.m in Sources */ = {isa = PBXBuildFile; fileRef = 84FD0E971CFF43930076908D /* AppDelegate.m */; };
		84FD0E9B1CFF43930076908D /* ViewController.m in Sources */ = {isa = PBXBuildFile; fileRef = 84FD0E9A1CFF43930076908D /* ViewController.m */; };
		84FD0E9E1CFF43930076908D /* Main.storyboard in Resources */ = {isa = PBXBuildFile; fileRef = 84FD0E9C1CFF43930076908D /* Main.storyboard */; };
		84FD0EA01CFF43930076908D /* Assets.xcassets in Resources */ = {isa = PBXBuildFile; fileRef = 84FD0E9F1CFF43930076908D /* Assets.xcassets */; };
		84FD0EA31CFF43930076908D /* LaunchScreen.storyboard in Resources */ = {isa = PBXBuildFile; fileRef = 84FD0EA11CFF43930076908D /* LaunchScreen.storyboard */; };
		84FD0EAE1CFF43930076908D /* UsePlistTests.m in Sources */ = {isa = PBXBuildFile; fileRef = 84FD0EAD1CFF43930076908D /* UsePlistTests.m */; };
		84FD0EB91CFF43940076908D /* UsePlistUITests.m in Sources */ = {isa = PBXBuildFile; fileRef = 84FD0EB81CFF43940076908D /* UsePlistUITests.m */; };
		84FD0EC71CFF48030076908D /* student.plist in Resources */ = {isa = PBXBuildFile; fileRef = 84FD0EC61CFF48030076908D /* student.plist */; };
		84FD0ECA1CFF4BCE0076908D /* studentModel.m in Sources */ = {isa = PBXBuildFile; fileRef = 84FD0EC91CFF4BCE0076908D /* studentModel.m */; };
/* End PBXBuildFile section */

/* Begin PBXContainerItemProxy section */
		84FD0EAA1CFF43930076908D /* PBXContainerItemProxy */ = {
			isa = PBXContainerItemProxy;
			containerPortal = 84FD0E881CFF43930076908D /* Project object */;
			proxyType = 1;
			remoteGlobalIDString = 84FD0E8F1CFF43930076908D;
			remoteInfo = UsePlist;
		};
		84FD0EB51CFF43940076908D /* PBXContainerItemProxy */ = {
			isa = PBXContainerItemProxy;
			containerPortal = 84FD0E881CFF43930076908D /* Project object */;
			proxyType = 1;
			remoteGlobalIDString = 84FD0E8F1CFF43930076908D;
			remoteInfo = UsePlist;
		};
/* End PBXContainerItemProxy section */

/* Begin PBXFileReference section */
		84FD0E901CFF43930076908D /* UsePlist.app */ = {isa = PBXFileReference; explicitFileType = wrapper.application; includeInIndex = 0; path = UsePlist.app; sourceTree = BUILT_PRODUCTS_DIR; };
		84FD0E941CFF43930076908D /* main.m */ = {isa = PBXFileReference; lastKnownFileType = sourcecode.c.objc; path = main.m; sourceTree = "<group>"; };
		84FD0E961CFF43930076908D /* AppDelegate.h */ = {isa = PBXFileReference; lastKnownFileType = sourcecode.c.h; path = AppDelegate.h; sourceTree = "<group>"; };
		84FD0E971CFF43930076908D /* AppDelegate.m */ = {isa = PBXFileReference; lastKnownFileType = sourcecode.c.objc; path = AppDelegate.m; sourceTree = "<group>"; };
		84FD0E991CFF43930076908D /* ViewController.h */ = {isa = PBXFileReference; lastKnownFileType = sourcecode.c.h; path = ViewController.h; sourceTree = "<group>"; };
		84FD0E9A1CFF43930076908D /* ViewController.m */ = {isa = PBXFileReference; lastKnownFileType = sourcecode.c.objc; path = ViewController.m; sourceTree = "<group>"; };
		84FD0E9D1CFF43930076908D /* Base */ = {isa = PBXFileReference; lastKnownFileType = file.storyboard; name = Base; path = Base.lproj/Main.storyboard; sourceTree = "<group>"; };
		84FD0E9F1CFF43930076908D /* Assets.xcassets */ = {isa = PBXFileReference; lastKnownFileType = folder.assetcatalog; path = Assets.xcassets; sourceTree = "<group>"; };
		84FD0EA21CFF43930076908D /* Base */ = {isa = PBXFileReference; lastKnownFileType = file.storyboard; name = Base; path = Base.lproj/LaunchScreen.storyboard; sourceTree = "<group>"; };
		84FD0EA41CFF43930076908D /* Info.plist */ = {isa = PBXFileReference; lastKnownFileType = text.plist.xml; path = Info.plist; sourceTree = "<group>"; };
		84FD0EA91CFF43930076908D /* UsePlistTests.xctest */ = {isa = PBXFileReference; explicitFileType = wrapper.cfbundle; includeInIndex = 0; path = UsePlistTests.xctest; sourceTree = BUILT_PRODUCTS_DIR; };
		84FD0EAD1CFF43930076908D /* UsePlistTests.m */ = {isa = PBXFileReference; lastKnownFileType = sourcecode.c.objc; path = UsePlistTests.m; sourceTree = "<group>"; };
		84FD0EAF1CFF43930076908D /* Info.plist */ = {isa = PBXFileReference; lastKnownFileType = text.plist.xml; path = Info.plist; sourceTree = "<group>"; };
		84FD0EB41CFF43930076908D /* UsePlistUITests.xctest */ = {isa = PBXFileReference; explicitFileType = wrapper.cfbundle; includeInIndex = 0; path = UsePlistUITests.xctest; sourceTree = BUILT_PRODUCTS_DIR; };
		84FD0EB81CFF43940076908D /* UsePlistUITests.m */ = {isa = PBXFileReference; lastKnownFileType = sourcecode.c.objc; path = UsePlistUITests.m; sourceTree = "<group>"; };
		84FD0EBA1CFF43940076908D /* Info.plist */ = {isa = PBXFileReference; lastKnownFileType = text.plist.xml; path = Info.plist; sourceTree = "<group>"; };
		84FD0EC61CFF48030076908D /* student.plist */ = {isa = PBXFileReference; fileEncoding = 4; lastKnownFileType = text.plist.xml; name = student.plist; path = ../student.plist; sourceTree = "<group>"; };
		84FD0EC81CFF4BCE0076908D /* studentModel.h */ = {isa = PBXFileReference; fileEncoding = 4; lastKnownFileType = sourcecode.c.h; name = studentModel.h; path = ../studentModel.h; sourceTree = "<group>"; };
		84FD0EC91CFF4BCE0076908D /* studentModel.m */ = {isa = PBXFileReference; fileEncoding = 4; lastKnownFileType = sourcecode.c.objc; name = studentModel.m; path = ../studentModel.m; sourceTree = "<group>"; };
/* End PBXFileReference section */

/* Begin PBXFrameworksBuildPhase section */
		84FD0E8D1CFF43930076908D /* Frameworks */ = {
			isa = PBXFrameworksBuildPhase;
			buildActionMask = 2147483647;
			files = (
			);
			runOnlyForDeploymentPostprocessing = 0;
		};
		84FD0EA61CFF43930076908D /* Frameworks */ = {
			isa = PBXFrameworksBuildPhase;
			buildActionMask = 2147483647;
			files = (
			);
			runOnlyForDeploymentPostprocessing = 0;
		};
		84FD0EB11CFF43930076908D /* Frameworks */ = {
			isa = PBXFrameworksBuildPhase;
			buildActionMask = 2147483647;
			files = (
			);
			runOnlyForDeploymentPostprocessing = 0;
		};
/* End PBXFrameworksBuildPhase section */

/* Begin PBXGroup section */
		84FD0E871CFF43930076908D = {
			isa = PBXGroup;
			children = (
				84FD0E921CFF43930076908D /* UsePlist */,
				84FD0EAC1CFF43930076908D /* UsePlistTests */,
				84FD0EB71CFF43940076908D /* UsePlistUITests */,
				84FD0E911CFF43930076908D /* Products */,
			);
			sourceTree = "<group>";
		};
		84FD0E911CFF43930076908D /* Products */ = {
			isa = PBXGroup;
			children = (
				84FD0E901CFF43930076908D /* UsePlist.app */,
				84FD0EA91CFF43930076908D /* UsePlistTests.xctest */,
				84FD0EB41CFF43930076908D /* UsePlistUITests.xctest */,
			);
			name = Products;
			sourceTree = "<group>";
		};
		84FD0E921CFF43930076908D /* UsePlist */ = {
			isa = PBXGroup;
			children = (
				84FD0E961CFF43930076908D /* AppDelegate.h */,
				84FD0E971CFF43930076908D /* AppDelegate.m */,
				84FD0E991CFF43930076908D /* ViewController.h */,
				84FD0E9A1CFF43930076908D /* ViewController.m */,
				84FD0E9C1CFF43930076908D /* Main.storyboard */,
				84FD0E9F1CFF43930076908D /* Assets.xcassets */,
				84FD0EA11CFF43930076908D /* LaunchScreen.storyboard */,
				84FD0EA41CFF43930076908D /* Info.plist */,
				84FD0EC61CFF48030076908D /* student.plist */,
				84FD0EC81CFF4BCE0076908D /* studentModel.h */,
				84FD0EC91CFF4BCE0076908D /* studentModel.m */,
				84FD0E931CFF43930076908D /* Supporting Files */,
			);
			path = UsePlist;
			sourceTree = "<group>";
		};
		84FD0E931CFF43930076908D /* Supporting Files */ = {
			isa = PBXGroup;
			children = (
				84FD0E941CFF43930076908D /* main.m */,
			);
			name = "Supporting Files";
			sourceTree = "<group>";
		};
		84FD0EAC1CFF43930076908D /* UsePlistTests */ = {
			isa = PBXGroup;
			children = (
				84FD0EAD1CFF43930076908D /* UsePlistTests.m */,
				84FD0EAF1CFF43930076908D /* Info.plist */,
			);
			path = UsePlistTests;
			sourceTree = "<group>";
		};
		84FD0EB71CFF43940076908D /* UsePlistUITests */ = {
			isa = PBXGroup;
			children = (
				84FD0EB81CFF43940076908D /* UsePlistUITests.m */,
				84FD0EBA1CFF43940076908D /* Info.plist */,
			);
			path = UsePlistUITests;
			sourceTree = "<group>";
		};
/* End PBXGroup section */

/* Begin PBXNativeTarget section */
		84FD0E8F1CFF43930076908D /* UsePlist */ = {
			isa = PBXNativeTarget;
			buildConfigurationList = 84FD0EBD1CFF43940076908D /* Build configuration list for PBXNativeTarget "UsePlist" */;
			buildPhases = (
				84FD0E8C1CFF43930076908D /* Sources */,
				84FD0E8D1CFF43930076908D /* Frameworks */,
				84FD0E8E1CFF43930076908D /* Resources */,
			);
			buildRules = (
			);
			dependencies = (
			);
			name = UsePlist;
			productName = UsePlist;
			productReference = 84FD0E901CFF43930076908D /* UsePlist.app */;
			productType = "com.apple.product-type.application";
		};
		84FD0EA81CFF43930076908D /* UsePlistTests */ = {
			isa = PBXNativeTarget;
			buildConfigurationList = 84FD0EC01CFF43940076908D /* Build configuration list for PBXNativeTarget "UsePlistTests" */;
			buildPhases = (
				84FD0EA51CFF43930076908D /* Sources */,
				84FD0EA61CFF43930076908D /* Frameworks */,
				84FD0EA71CFF43930076908D /* Resources */,
			);
			buildRules = (
			);
			dependencies = (
				84FD0EAB1CFF43930076908D /* PBXTargetDependency */,
			);
			name = UsePlistTests;
			productName = UsePlistTests;
			productReference = 84FD0EA91CFF43930076908D /* UsePlistTests.xctest */;
			productType = "com.apple.product-type.bundle.unit-test";
		};
		84FD0EB31CFF43930076908D /* UsePlistUITests */ = {
			isa = PBXNativeTarget;
			buildConfigurationList = 84FD0EC31CFF43940076908D /* Build configuration list for PBXNativeTarget "UsePlistUITests" */;
			buildPhases = (
				84FD0EB01CFF43930076908D /* Sources */,
				84FD0EB11CFF43930076908D /* Frameworks */,
				84FD0EB21CFF43930076908D /* Resources */,
			);
			buildRules = (
			);
			dependencies = (
				84FD0EB61CFF43940076908D /* PBXTargetDependency */,
			);
			name = UsePlistUITests;
			productName = UsePlistUITests;
			productReference = 84FD0EB41CFF43930076908D /* UsePlistUITests.xctest */;
			productType = "com.apple.product-type.bundle.ui-testing";
		};
/* End PBXNativeTarget section */

/* Begin PBXProject section */
		84FD0E881CFF43930076908D /* Project object */ = {
			isa = PBXProject;
			attributes = {
				LastUpgradeCheck = 0730;
				ORGANIZATIONNAME = yicheng;
				TargetAttributes = {
					84FD0E8F1CFF43930076908D = {
						CreatedOnToolsVersion = 7.3.1;
						DevelopmentTeam = PGBX798C4B;
					};
					84FD0EA81CFF43930076908D = {
						CreatedOnToolsVersion = 7.3.1;
						DevelopmentTeam = PGBX798C4B;
						TestTargetID = 84FD0E8F1CFF43930076908D;
					};
					84FD0EB31CFF43930076908D = {
						CreatedOnToolsVersion = 7.3.1;
						DevelopmentTeam = PGBX798C4B;
						TestTargetID = 84FD0E8F1CFF43930076908D;
					};
				};
			};
			buildConfigurationList = 84FD0E8B1CFF43930076908D /* Build configuration list for PBXProject "UsePlist" */;
			compatibilityVersion = "Xcode 3.2";
			developmentRegion = English;
			hasScannedForEncodings = 0;
			knownRegions = (
				en,
				Base,
			);
			mainGroup = 84FD0E871CFF43930076908D;
			productRefGroup = 84FD0E911CFF43930076908D /* Products */;
			projectDirPath = "";
			projectRoot = "";
			targets = (
				84FD0E8F1CFF43930076908D /* UsePlist */,
				84FD0EA81CFF43930076908D /* UsePlistTests */,
				84FD0EB31CFF43930076908D /* UsePlistUITests */,
			);
		};
/* End PBXProject section */

/* Begin PBXResourcesBuildPhase section */
		84FD0E8E1CFF43930076908D /* Resources */ = {
			isa = PBXResourcesBuildPhase;
			buildActionMask = 2147483647;
			files = (
				84FD0EA31CFF43930076908D /* LaunchScreen.storyboard in Resources */,
				84FD0EA01CFF43930076908D /* Assets.xcassets in Resources */,
				84FD0EC71CFF48030076908D /* student.plist in Resources */,
				84FD0E9E1CFF43930076908D /* Main.storyboard in Resources */,
			);
			runOnlyForDeploymentPostprocessing = 0;
		};
		84FD0EA71CFF43930076908D /* Resources */ = {
			isa = PBXResourcesBuildPhase;
			buildActionMask = 2147483647;
			files = (
			);
			runOnlyForDeploymentPostprocessing = 0;
		};
		84FD0EB21CFF43930076908D /* Resources */ = {
			isa = PBXResourcesBuildPhase;
			buildActionMask = 2147483647;
			files = (
			);
			runOnlyForDeploymentPostprocessing = 0;
		};
/* End PBXResourcesBuildPhase section */

/* Begin PBXSourcesBuildPhase section */
		84FD0E8C1CFF43930076908D /* Sources */ = {
			isa = PBXSourcesBuildPhase;
			buildActionMask = 2147483647;
			files = (
				84FD0E9B1CFF43930076908D /* ViewController.m in Sources */,
				84FD0ECA1CFF4BCE0076908D /* studentModel.m in Sources */,
				84FD0E981CFF43930076908D /* AppDelegate.m in Sources */,
				84FD0E951CFF43930076908D /* main.m in Sources */,
			);
			runOnlyForDeploymentPostprocessing = 0;
		};
		84FD0EA51CFF43930076908D /* Sources */ = {
			isa = PBXSourcesBuildPhase;
			buildActionMask = 2147483647;
			files = (
				84FD0EAE1CFF43930076908D /* UsePlistTests.m in Sources */,
			);
			runOnlyForDeploymentPostprocessing = 0;
		};
		84FD0EB01CFF43930076908D /* Sources */ = {
			isa = PBXSourcesBuildPhase;
			buildActionMask = 2147483647;
			files = (
				84FD0EB91CFF43940076908D /* UsePlistUITests.m in Sources */,
			);
			runOnlyForDeploymentPostprocessing = 0;
		};
/* End PBXSourcesBuildPhase section */

/* Begin PBXTargetDependency section */
		84FD0EAB1CFF43930076908D /* PBXTargetDependency */ = {
			isa = PBXTargetDependency;
			target = 84FD0E8F1CFF43930076908D /* UsePlist */;
			targetProxy = 84FD0EAA1CFF43930076908D /* PBXContainerItemProxy */;
		};
		84FD0EB61CFF43940076908D /* PBXTargetDependency */ = {
			isa = PBXTargetDependency;
			target = 84FD0E8F1CFF43930076908D /* UsePlist */;
			targetProxy = 84FD0EB51CFF43940076908D /* PBXContainerItemProxy */;
		};
/* End PBXTargetDependency section */

/* Begin PBXVariantGroup section */
		84FD0E9C1CFF43930076908D /* Main.storyboard */ = {
			isa = PBXVariantGroup;
			children = (
				84FD0E9D1CFF43930076908D /* Base */,
			);
			name = Main.storyboard;
			sourceTree = "<group>";
		};
		84FD0EA11CFF43930076908D /* LaunchScreen.storyboard */ = {
			isa = PBXVariantGroup;
			children = (
				84FD0EA21CFF43930076908D /* Base */,
			);
			name = LaunchScreen.storyboard;
			sourceTree = "<group>";
		};
/* End PBXVariantGroup section */

/* Begin XCBuildConfiguration section */
		84FD0EBB1CFF43940076908D /* Debug */ = {
			isa = XCBuildConfiguration;
			buildSettings = {
				ALWAYS_SEARCH_USER_PATHS = NO;
				CLANG_ANALYZER_NONNULL = YES;
				CLANG_CXX_LANGUAGE_STANDARD = "gnu++0x";
				CLANG_CXX_LIBRARY = "libc++";
				CLANG_ENABLE_MODULES = YES;
				CLANG_ENABLE_OBJC_ARC = YES;
				CLANG_WARN_BOOL_CONVERSION = YES;
				CLANG_WARN_CONSTANT_CONVERSION = YES;
				CLANG_WARN_DIRECT_OBJC_ISA_USAGE = YES_ERROR;
				CLANG_WARN_EMPTY_BODY = YES;
				CLANG_WARN_ENUM_CONVERSION = YES;
				CLANG_WARN_INT_CONVERSION = YES;
				CLANG_WARN_OBJC_ROOT_CLASS = YES_ERROR;
				CLANG_WARN_UNREACHABLE_CODE = YES;
				CLANG_WARN__DUPLICATE_METHOD_MATCH = YES;
				"CODE_SIGN_IDENTITY[sdk=iphoneos*]" = "iPhone Developer";
				COPY_PHASE_STRIP = NO;
				DEBUG_INFORMATION_FORMAT = dwarf;
				ENABLE_STRICT_OBJC_MSGSEND = YES;
				ENABLE_TESTABILITY = YES;
				GCC_C_LANGUAGE_STANDARD = gnu99;
				GCC_DYNAMIC_NO_PIC = NO;
				GCC_NO_COMMON_BLOCKS = YES;
				GCC_OPTIMIZATION_LEVEL = 0;
				GCC_PREPROCESSOR_DEFINITIONS = (
					"DEBUG=1",
					"$(inherited)",
				);
				GCC_WARN_64_TO_32_BIT_CONVERSION = YES;
				GCC_WARN_ABOUT_RETURN_TYPE = YES_ERROR;
				GCC_WARN_UNDECLARED_SELECTOR = YES;
				GCC_WARN_UNINITIALIZED_AUTOS = YES_AGGRESSIVE;
				GCC_WARN_UNUSED_FUNCTION = YES;
				GCC_WARN_UNUSED_VARIABLE = YES;
				IPHONEOS_DEPLOYMENT_TARGET = 9.3;
				MTL_ENABLE_DEBUG_INFO = YES;
				ONLY_ACTIVE_ARCH = YES;
				SDKROOT = iphoneos;
			};
			name = Debug;
		};
		84FD0EBC1CFF43940076908D /* Release */ = {
			isa = XCBuildConfiguration;
			buildSettings = {
				ALWAYS_SEARCH_USER_PATHS = NO;
				CLANG_ANALYZER_NONNULL = YES;
				CLANG_CXX_LANGUAGE_STANDARD = "gnu++0x";
				CLANG_CXX_LIBRARY = "libc++";
				CLANG_ENABLE_MODULES = YES;
				CLANG_ENABLE_OBJC_ARC = YES;
				CLANG_WARN_BOOL_CONVERSION = YES;
				CLANG_WARN_CONSTANT_CONVERSION = YES;
				CLANG_WARN_DIRECT_OBJC_ISA_USAGE = YES_ERROR;
				CLANG_WARN_EMPTY_BODY = YES;
				CLANG_WARN_ENUM_CONVERSION = YES;
				CLANG_WARN_INT_CONVERSION = YES;
				CLANG_WARN_OBJC_ROOT_CLASS = YES_ERROR;
				CLANG_WARN_UNREACHABLE_CODE = YES;
				CLANG_WARN__DUPLICATE_METHOD_MATCH = YES;
				"CODE_SIGN_IDENTITY[sdk=iphoneos*]" = "iPhone Developer";
				COPY_PHASE_STRIP = NO;
				DEBUG_INFORMATION_FORMAT = "dwarf-with-dsym";
				ENABLE_NS_ASSERTIONS = NO;
				ENABLE_STRICT_OBJC_MSGSEND = YES;
				GCC_C_LANGUAGE_STANDARD = gnu99;
				GCC_NO_COMMON_BLOCKS = YES;
				GCC_WARN_64_TO_32_BIT_CONVERSION = YES;
				GCC_WARN_ABOUT_RETURN_TYPE = YES_ERROR;
				GCC_WARN_UNDECLARED_SELECTOR = YES;
				GCC_WARN_UNINITIALIZED_AUTOS = YES_AGGRESSIVE;
				GCC_WARN_UNUSED_FUNCTION = YES;
				GCC_WARN_UNUSED_VARIABLE = YES;
				IPHONEOS_DEPLOYMENT_TARGET = 9.3;
				MTL_ENABLE_DEBUG_INFO = NO;
				SDKROOT = iphoneos;
				VALIDATE_PRODUCT = YES;
			};
			name = Release;
		};
		84FD0EBE1CFF43940076908D /* Debug */ = {
			isa = XCBuildConfiguration;
			buildSettings = {
				ASSETCATALOG_COMPILER_APPICON_NAME = AppIcon;
				CODE_SIGN_IDENTITY = "iPhone Developer";
				"CODE_SIGN_IDENTITY[sdk=iphoneos*]" = "iPhone Developer";
				INFOPLIST_FILE = UsePlist/Info.plist;
				LD_RUNPATH_SEARCH_PATHS = "$(inherited) @executable_path/Frameworks";
				PRODUCT_BUNDLE_IDENTIFIER = com.lly.UsePlist;
				PRODUCT_NAME = "$(TARGET_NAME)";
				PROVISIONING_PROFILE = "";
			};
			name = Debug;
		};
		84FD0EBF1CFF43940076908D /* Release */ = {
			isa = XCBuildConfiguration;
			buildSettings = {
				ASSETCATALOG_COMPILER_APPICON_NAME = AppIcon;
				CODE_SIGN_IDENTITY = "iPhone Developer";
				"CODE_SIGN_IDENTITY[sdk=iphoneos*]" = "iPhone Developer";
				INFOPLIST_FILE = UsePlist/Info.plist;
				LD_RUNPATH_SEARCH_PATHS = "$(inherited) @executable_path/Frameworks";
				PRODUCT_BUNDLE_IDENTIFIER = com.lly.UsePlist;
				PRODUCT_NAME = "$(TARGET_NAME)";
				PROVISIONING_PROFILE = "";
			};
			name = Release;
		};
		84FD0EC11CFF43940076908D /* Debug */ = {
			isa = XCBuildConfiguration;
			buildSettings = {
				BUNDLE_LOADER = "$(TEST_HOST)";
				INFOPLIST_FILE = UsePlistTests/Info.plist;
				LD_RUNPATH_SEARCH_PATHS = "$(inherited) @executable_path/Frameworks @loader_path/Frameworks";
				PRODUCT_BUNDLE_IDENTIFIER = com.lly.UsePlistTests;
				PRODUCT_NAME = "$(TARGET_NAME)";
				TEST_HOST = "$(BUILT_PRODUCTS_DIR)/UsePlist.app/UsePlist";
			};
			name = Debug;
		};
		84FD0EC21CFF43940076908D /* Release */ = {
			isa = XCBuildConfiguration;
			buildSettings = {
				BUNDLE_LOADER = "$(TEST_HOST)";
				INFOPLIST_FILE = UsePlistTests/Info.plist;
				LD_RUNPATH_SEARCH_PATHS = "$(inherited) @executable_path/Frameworks @loader_path/Frameworks";
				PRODUCT_BUNDLE_IDENTIFIER = com.lly.UsePlistTests;
				PRODUCT_NAME = "$(TARGET_NAME)";
				TEST_HOST = "$(BUILT_PRODUCTS_DIR)/UsePlist.app/UsePlist";
			};
			name = Release;
		};
		84FD0EC41CFF43940076908D /* Debug */ = {
			isa = XCBuildConfiguration;
			buildSettings = {
				INFOPLIST_FILE = UsePlistUITests/Info.plist;
				LD_RUNPATH_SEARCH_PATHS = "$(inherited) @executable_path/Frameworks @loader_path/Frameworks";
				PRODUCT_BUNDLE_IDENTIFIER = com.lly.UsePlistUITests;
				PRODUCT_NAME = "$(TARGET_NAME)";
				TEST_TARGET_NAME = UsePlist;
			};
			name = Debug;
		};
		84FD0EC51CFF43940076908D /* Release */ = {
			isa = XCBuildConfiguration;
			buildSettings = {
				INFOPLIST_FILE = UsePlistUITests/Info.plist;
				LD_RUNPATH_SEARCH_PATHS = "$(inherited) @executable_path/Frameworks @loader_path/Frameworks";
				PRODUCT_BUNDLE_IDENTIFIER = com.lly.UsePlistUITests;
				PRODUCT_NAME = "$(TARGET_NAME)";
				TEST_TARGET_NAME = UsePlist;
			};
			name = Release;
		};
/* End XCBuildConfiguration section */

/* Begin XCConfigurationList section */
		84FD0E8B1CFF43930076908D /* Build configuration list for PBXProject "UsePlist" */ = {
			isa = XCConfigurationList;
			buildConfigurations = (
				84FD0EBB1CFF43940076908D /* Debug */,
				84FD0EBC1CFF43940076908D /* Release */,
			);
			defaultConfigurationIsVisible = 0;
			defaultConfigurationName = Release;
		};
		84FD0EBD1CFF43940076908D /* Build configuration list for PBXNativeTarget "UsePlist" */ = {
			isa = XCConfigurationList;
			buildConfigurations = (
				84FD0EBE1CFF43940076908D /* Debug */,
				84FD0EBF1CFF43940076908D /* Release */,
			);
			defaultConfigurationIsVisible = 0;
		};
		84FD0EC01CFF43940076908D /* Build configuration list for PBXNativeTarget "UsePlistTests" */ = {
			isa = XCConfigurationList;
			buildConfigurations = (
				84FD0EC11CFF43940076908D /* Debug */,
				84FD0EC21CFF43940076908D /* Release */,
			);
			defaultConfigurationIsVisible = 0;
		};
		84FD0EC31CFF43940076908D /* Build configuration list for PBXNativeTarget "UsePlistUITests" */ = {
			isa = XCConfigurationList;
			buildConfigurations = (
				84FD0EC41CFF43940076908D /* Debug */,
				84FD0EC51CFF43940076908D /* Release */,
			);
			defaultConfigurationIsVisible = 0;
		};
/* End XCConfigurationList section */
	};
	rootObject = 84FD0E881CFF43930076908D /* Project object */;
}
